// !$*UTF8*$!
{
	archiveVersion = 1;
	classes = {
	};
	objectVersion = 46;
	objects = {

/* Begin PBXBuildFile section */
		04D90D8E1AEE2E2400B4CC84 /* main.m in Sources */ = {isa = PBXBuildFile; fileRef = 04D90D8D1AEE2E2400B4CC84 /* main.m */; };
		04D90D911AEE2E2400B4CC84 /* AppDelegate.m in Sources */ = {isa = PBXBuildFile; fileRef = 04D90D901AEE2E2400B4CC84 /* AppDelegate.m */; };
		04D90D941AEE2E2400B4CC84 /* ViewController.m in Sources */ = {isa = PBXBuildFile; fileRef = 04D90D931AEE2E2400B4CC84 /* ViewController.m */; };
		04D90D971AEE2E2400B4CC84 /* Main.storyboard in Resources */ = {isa = PBXBuildFile; fileRef = 04D90D951AEE2E2400B4CC84 /* Main.storyboard */; };
		04D90D991AEE2E2400B4CC84 /* Images.xcassets in Resources */ = {isa = PBXBuildFile; fileRef = 04D90D981AEE2E2400B4CC84 /* Images.xcassets */; };
		04D90D9C1AEE2E2400B4CC84 /* LaunchScreen.xib in Resources */ = {isa = PBXBuildFile; fileRef = 04D90D9A1AEE2E2400B4CC84 /* LaunchScreen.xib */; };
		04D90DA81AEE2E2400B4CC84 /* ManipulatingaNavigationTests.m in Sources */ = {isa = PBXBuildFile; fileRef = 04D90DA71AEE2E2400B4CC84 /* ManipulatingaNavigationTests.m */; };
/* End PBXBuildFile section */

/* Begin PBXContainerItemProxy section */
		04D90DA21AEE2E2400B4CC84 /* PBXContainerItemProxy */ = {
			isa = PBXContainerItemProxy;
			containerPortal = 04D90D801AEE2E2300B4CC84 /* Project object */;
			proxyType = 1;
			remoteGlobalIDString = 04D90D871AEE2E2300B4CC84;
			remoteInfo = ManipulatingaNavigation;
		};
/* End PBXContainerItemProxy section */

/* Begin PBXFileReference section */
		04D90D881AEE2E2300B4CC84 /* ManipulatingaNavigation.app */ = {isa = PBXFileReference; explicitFileType = wrapper.application; includeInIndex = 0; path = ManipulatingaNavigation.app; sourceTree = BUILT_PRODUCTS_DIR; };
		04D90D8C1AEE2E2400B4CC84 /* Info.plist */ = {isa = PBXFileReference; lastKnownFileType = text.plist.xml; path = Info.plist; sourceTree = "<group>"; };
		04D90D8D1AEE2E2400B4CC84 /* main.m */ = {isa = PBXFileReference; lastKnownFileType = sourcecode.c.objc; path = main.m; sourceTree = "<group>"; };
		04D90D8F1AEE2E2400B4CC84 /* AppDelegate.h */ = {isa = PBXFileReference; lastKnownFileType = sourcecode.c.h; path = AppDelegate.h; sourceTree = "<group>"; };
		04D90D901AEE2E2400B4CC84 /* AppDelegate.m */ = {isa = PBXFileReference; lastKnownFileType = sourcecode.c.objc; path = AppDelegate.m; sourceTree = "<group>"; };
		04D90D921AEE2E2400B4CC84 /* ViewController.h */ = {isa = PBXFileReference; lastKnownFileType = sourcecode.c.h; path = ViewController.h; sourceTree = "<group>"; };
		04D90D931AEE2E2400B4CC84 /* ViewController.m */ = {isa = PBXFileReference; lastKnownFileType = sourcecode.c.objc; path = ViewController.m; sourceTree = "<group>"; };
		04D90D961AEE2E2400B4CC84 /* Base */ = {isa = PBXFileReference; lastKnownFileType = file.storyboard; name = Base; path = Base.lproj/Main.storyboard; sourceTree = "<group>"; };
		04D90D981AEE2E2400B4CC84 /* Images.xcassets */ = {isa = PBXFileReference; lastKnownFileType = folder.assetcatalog; path = Images.xcassets; sourceTree = "<group>"; };
		04D90D9B1AEE2E2400B4CC84 /* Base */ = {isa = PBXFileReference; lastKnownFileType = file.xib; name = Base; path = Base.lproj/LaunchScreen.xib; sourceTree = "<group>"; };
		04D90DA11AEE2E2400B4CC84 /* ManipulatingaNavigationTests.xctest */ = {isa = PBXFileReference; explicitFileType = wrapper.cfbundle; includeInIndex = 0; path = ManipulatingaNavigationTests.xctest; sourceTree = BUILT_PRODUCTS_DIR; };
		04D90DA61AEE2E2400B4CC84 /* Info.plist */ = {isa = PBXFileReference; lastKnownFileType = text.plist.xml; path = Info.plist; sourceTree = "<group>"; };
		04D90DA71AEE2E2400B4CC84 /* ManipulatingaNavigationTests.m */ = {isa = PBXFileReference; lastKnownFileType = sourcecode.c.objc; path = ManipulatingaNavigationTests.m; sourceTree = "<group>"; };
/* End PBXFileReference section */

/* Begin PBXFrameworksBuildPhase section */
		04D90D851AEE2E2300B4CC84 /* Frameworks */ = {
			isa = PBXFrameworksBuildPhase;
			buildActionMask = 2147483647;
			files = (
			);
			runOnlyForDeploymentPostprocessing = 0;
		};
		04D90D9E1AEE2E2400B4CC84 /* Frameworks */ = {
			isa = PBXFrameworksBuildPhase;
			buildActionMask = 2147483647;
			files = (
			);
			runOnlyForDeploymentPostprocessing = 0;
		};
/* End PBXFrameworksBuildPhase section */

/* Begin PBXGroup section */
		04D90D7F1AEE2E2300B4CC84 = {
			isa = PBXGroup;
			children = (
				04D90D8A1AEE2E2300B4CC84 /* ManipulatingaNavigation */,
				04D90DA41AEE2E2400B4CC84 /* ManipulatingaNavigationTests */,
				04D90D891AEE2E2300B4CC84 /* Products */,
			);
			sourceTree = "<group>";
		};
		04D90D891AEE2E2300B4CC84 /* Products */ = {
			isa = PBXGroup;
			children = (
				04D90D881AEE2E2300B4CC84 /* ManipulatingaNavigation.app */,
				04D90DA11AEE2E2400B4CC84 /* ManipulatingaNavigationTests.xctest */,
			);
			name = Products;
			sourceTree = "<group>";
		};
		04D90D8A1AEE2E2300B4CC84 /* ManipulatingaNavigation */ = {
			isa = PBXGroup;
			children = (
				04D90D8F1AEE2E2400B4CC84 /* AppDelegate.h */,
				04D90D901AEE2E2400B4CC84 /* AppDelegate.m */,
				04D90D921AEE2E2400B4CC84 /* ViewController.h */,
				04D90D931AEE2E2400B4CC84 /* ViewController.m */,
				04D90D951AEE2E2400B4CC84 /* Main.storyboard */,
				04D90D981AEE2E2400B4CC84 /* Images.xcassets */,
				04D90D9A1AEE2E2400B4CC84 /* LaunchScreen.xib */,
				04D90D8B1AEE2E2400B4CC84 /* Supporting Files */,
			);
			path = ManipulatingaNavigation;
			sourceTree = "<group>";
		};
		04D90D8B1AEE2E2400B4CC84 /* Supporting Files */ = {
			isa = PBXGroup;
			children = (
				04D90D8C1AEE2E2400B4CC84 /* Info.plist */,
				04D90D8D1AEE2E2400B4CC84 /* main.m */,
			);
			name = "Supporting Files";
			sourceTree = "<group>";
		};
		04D90DA41AEE2E2400B4CC84 /* ManipulatingaNavigationTests */ = {
			isa = PBXGroup;
			children = (
				04D90DA71AEE2E2400B4CC84 /* ManipulatingaNavigationTests.m */,
				04D90DA51AEE2E2400B4CC84 /* Supporting Files */,
			);
			path = ManipulatingaNavigationTests;
			sourceTree = "<group>";
		};
		04D90DA51AEE2E2400B4CC84 /* Supporting Files */ = {
			isa = PBXGroup;
			children = (
				04D90DA61AEE2E2400B4CC84 /* Info.plist */,
			);
			name = "Supporting Files";
			sourceTree = "<group>";
		};
/* End PBXGroup section */

/* Begin PBXNativeTarget section */
		04D90D871AEE2E2300B4CC84 /* ManipulatingaNavigation */ = {
			isa = PBXNativeTarget;
			buildConfigurationList = 04D90DAB1AEE2E2400B4CC84 /* Build configuration list for PBXNativeTarget "ManipulatingaNavigation" */;
			buildPhases = (
				04D90D841AEE2E2300B4CC84 /* Sources */,
				04D90D851AEE2E2300B4CC84 /* Frameworks */,
				04D90D861AEE2E2300B4CC84 /* Resources */,
			);
			buildRules = (
			);
			dependencies = (
			);
			name = ManipulatingaNavigation;
			productName = ManipulatingaNavigation;
			productReference = 04D90D881AEE2E2300B4CC84 /* ManipulatingaNavigation.app */;
			productType = "com.apple.product-type.application";
		};
		04D90DA01AEE2E2400B4CC84 /* ManipulatingaNavigationTests */ = {
			isa = PBXNativeTarget;
			buildConfigurationList = 04D90DAE1AEE2E2400B4CC84 /* Build configuration list for PBXNativeTarget "ManipulatingaNavigationTests" */;
			buildPhases = (
				04D90D9D1AEE2E2400B4CC84 /* Sources */,
				04D90D9E1AEE2E2400B4CC84 /* Frameworks */,
				04D90D9F1AEE2E2400B4CC84 /* Resources */,
			);
			buildRules = (
			);
			dependencies = (
				04D90DA31AEE2E2400B4CC84 /* PBXTargetDependency */,
			);
			name = ManipulatingaNavigationTests;
			productName = ManipulatingaNavigationTests;
			productReference = 04D90DA11AEE2E2400B4CC84 /* ManipulatingaNavigationTests.xctest */;
			productType = "com.apple.product-type.bundle.unit-test";
		};
/* End PBXNativeTarget section */

/* Begin PBXProject section */
		04D90D801AEE2E2300B4CC84 /* Project object */ = {
			isa = PBXProject;
			attributes = {
				LastUpgradeCheck = 0630;
				ORGANIZATIONNAME = leuducquy;
				TargetAttributes = {
					04D90D871AEE2E2300B4CC84 = {
						CreatedOnToolsVersion = 6.3.1;
					};
					04D90DA01AEE2E2400B4CC84 = {
						CreatedOnToolsVersion = 6.3.1;
						TestTargetID = 04D90D871AEE2E2300B4CC84;
					};
				};
			};
			buildConfigurationList = 04D90D831AEE2E2300B4CC84 /* Build configuration list for PBXProject "ManipulatingaNavigation" */;
			compatibilityVersion = "Xcode 3.2";
			developmentRegion = English;
			hasScannedForEncodings = 0;
			knownRegions = (
				en,
				Base,
			);
			mainGroup = 04D90D7F1AEE2E2300B4CC84;
			productRefGroup = 04D90D891AEE2E2300B4CC84 /* Products */;
			projectDirPath = "";
			projectRoot = "";
			targets = (
				04D90D871AEE2E2300B4CC84 /* ManipulatingaNavigation */,
				04D90DA01AEE2E2400B4CC84 /* ManipulatingaNavigationTests */,
			);
		};
/* End PBXProject section */

/* Begin PBXResourcesBuildPhase section */
		04D90D861AEE2E2300B4CC84 /* Resources */ = {
			isa = PBXResourcesBuildPhase;
			buildActionMask = 2147483647;
			files = (
				04D90D971AEE2E2400B4CC84 /* Main.storyboard in Resources */,
				04D90D9C1AEE2E2400B4CC84 /* LaunchScreen.xib in Resources */,
				04D90D991AEE2E2400B4CC84 /* Images.xcassets in Resources */,
			);
			runOnlyForDeploymentPostprocessing = 0;
		};
		04D90D9F1AEE2E2400B4CC84 /* Resources */ = {
			isa = PBXResourcesBuildPhase;
			buildActionMask = 2147483647;
			files = (
			);
			runOnlyForDeploymentPostprocessing = 0;
		};
/* End PBXResourcesBuildPhase section */

/* Begin PBXSourcesBuildPhase section */
		04D90D841AEE2E2300B4CC84 /* Sources */ = {
			isa = PBXSourcesBuildPhase;
			buildActionMask = 2147483647;
			files = (
				04D90D941AEE2E2400B4CC84 /* ViewController.m in Sources */,
				04D90D911AEE2E2400B4CC84 /* AppDelegate.m in Sources */,
				04D90D8E1AEE2E2400B4CC84 /* main.m in Sources */,
			);
			runOnlyForDeploymentPostprocessing = 0;
		};
		04D90D9D1AEE2E2400B4CC84 /* Sources */ = {
			isa = PBXSourcesBuildPhase;
			buildActionMask = 2147483647;
			files = (
				04D90DA81AEE2E2400B4CC84 /* ManipulatingaNavigationTests.m in Sources */,
			);
			runOnlyForDeploymentPostprocessing = 0;
		};
/* End PBXSourcesBuildPhase section */

/* Begin PBXTargetDependency section */
		04D90DA31AEE2E2400B4CC84 /* PBXTargetDependency */ = {
			isa = PBXTargetDependency;
			target = 04D90D871AEE2E2300B4CC84 /* ManipulatingaNavigation */;
			targetProxy = 04D90DA21AEE2E2400B4CC84 /* PBXContainerItemProxy */;
		};
/* End PBXTargetDependency section */

/* Begin PBXVariantGroup section */
		04D90D951AEE2E2400B4CC84 /* Main.storyboard */ = {
			isa = PBXVariantGroup;
			children = (
				04D90D961AEE2E2400B4CC84 /* Base */,
			);
			name = Main.storyboard;
			sourceTree = "<group>";
		};
		04D90D9A1AEE2E2400B4CC84 /* LaunchScreen.xib */ = {
			isa = PBXVariantGroup;
			children = (
				04D90D9B1AEE2E2400B4CC84 /* Base */,
			);
			name = LaunchScreen.xib;
			sourceTree = "<group>";
		};
/* End PBXVariantGroup section */

/* Begin XCBuildConfiguration section */
		04D90DA91AEE2E2400B4CC84 /* Debug */ = {
			isa = XCBuildConfiguration;
			buildSettings = {
				ALWAYS_SEARCH_USER_PATHS = NO;
				CLANG_CXX_LANGUAGE_STANDARD = "gnu++0x";
				CLANG_CXX_LIBRARY = "libc++";
				CLANG_ENABLE_MODULES = YES;
				CLANG_ENABLE_OBJC_ARC = YES;
				CLANG_WARN_BOOL_CONVERSION = YES;
				CLANG_WARN_CONSTANT_CONVERSION = YES;
				CLANG_WARN_DIRECT_OBJC_ISA_USAGE = YES_ERROR;
				CLANG_WARN_EMPTY_BODY = YES;
				CLANG_WARN_ENUM_CONVERSION = YES;
				CLANG_WARN_INT_CONVERSION = YES;
				CLANG_WARN_OBJC_ROOT_CLASS = YES_ERROR;
				CLANG_WARN_UNREACHABLE_CODE = YES;
				CLANG_WARN__DUPLICATE_METHOD_MATCH = YES;
				"CODE_SIGN_IDENTITY[sdk=iphoneos*]" = "iPhone Developer";
				COPY_PHASE_STRIP = NO;
				DEBUG_INFORMATION_FORMAT = "dwarf-with-dsym";
				ENABLE_STRICT_OBJC_MSGSEND = YES;
				GCC_C_LANGUAGE_STANDARD = gnu99;
				GCC_DYNAMIC_NO_PIC = NO;
				GCC_NO_COMMON_BLOCKS = YES;
				GCC_OPTIMIZATION_LEVEL = 0;
				GCC_PREPROCESSOR_DEFINITIONS = (
					"DEBUG=1",
					"$(inherited)",
				);
				GCC_SYMBOLS_PRIVATE_EXTERN = NO;
				GCC_WARN_64_TO_32_BIT_CONVERSION = YES;
				GCC_WARN_ABOUT_RETURN_TYPE = YES_ERROR;
				GCC_WARN_UNDECLARED_SELECTOR = YES;
				GCC_WARN_UNINITIALIZED_AUTOS = YES_AGGRESSIVE;
				GCC_WARN_UNUSED_FUNCTION = YES;
				GCC_WARN_UNUSED_VARIABLE = YES;
				IPHONEOS_DEPLOYMENT_TARGET = 8.3;
				MTL_ENABLE_DEBUG_INFO = YES;
				ONLY_ACTIVE_ARCH = YES;
				SDKROOT = iphoneos;
			};
			name = Debug;
		};
		04D90DAA1AEE2E2400B4CC84 /* Release */ = {
			isa = XCBuildConfiguration;
			buildSettings = {
				ALWAYS_SEARCH_USER_PATHS = NO;
				CLANG_CXX_LANGUAGE_STANDARD = "gnu++0x";
				CLANG_CXX_LIBRARY = "libc++";
				CLANG_ENABLE_MODULES = YES;
				CLANG_ENABLE_OBJC_ARC = YES;
				CLANG_WARN_BOOL_CONVERSION = YES;
				CLANG_WARN_CONSTANT_CONVERSION = YES;
				CLANG_WARN_DIRECT_OBJC_ISA_USAGE = YES_ERROR;
				CLANG_WARN_EMPTY_BODY = YES;
				CLANG_WARN_ENUM_CONVERSION = YES;
				CLANG_WARN_INT_CONVERSION = YES;
				CLANG_WARN_OBJC_ROOT_CLASS = YES_ERROR;
				CLANG_WARN_UNREACHABLE_CODE = YES;
				CLANG_WARN__DUPLICATE_METHOD_MATCH = YES;
				"CODE_SIGN_IDENTITY[sdk=iphoneos*]" = "iPhone Developer";
				COPY_PHASE_STRIP = NO;
				DEBUG_INFORMATION_FORMAT = "dwarf-with-dsym";
				ENABLE_NS_ASSERTIONS = NO;
				ENABLE_STRICT_OBJC_MSGSEND = YES;
				GCC_C_LANGUAGE_STANDARD = gnu99;
				GCC_NO_COMMON_BLOCKS = YES;
				GCC_WARN_64_TO_32_BIT_CONVERSION = YES;
				GCC_WARN_ABOUT_RETURN_TYPE = YES_ERROR;
				GCC_WARN_UNDECLARED_SELECTOR = YES;
				GCC_WARN_UNINITIALIZED_AUTOS = YES_AGGRESSIVE;
				GCC_WARN_UNUSED_FUNCTION = YES;
				GCC_WARN_UNUSED_VARIABLE = YES;
				IPHONEOS_DEPLOYMENT_TARGET = 8.3;
				MTL_ENABLE_DEBUG_INFO = NO;
				SDKROOT = iphoneos;
				VALIDATE_PRODUCT = YES;
			};
			name = Release;
		};
		04D90DAC1AEE2E2400B4CC84 /* Debug */ = {
			isa = XCBuildConfiguration;
			buildSettings = {
				ASSETCATALOG_COMPILER_APPICON_NAME = AppIcon;
				INFOPLIST_FILE = ManipulatingaNavigation/Info.plist;
				LD_RUNPATH_SEARCH_PATHS = "$(inherited) @executable_path/Frameworks";
				PRODUCT_NAME = "$(TARGET_NAME)";
			};
			name = Debug;
		};
		04D90DAD1AEE2E2400B4CC84 /* Release */ = {
			isa = XCBuildConfiguration;
			buildSettings = {
				ASSETCATALOG_COMPILER_APPICON_NAME = AppIcon;
				INFOPLIST_FILE = ManipulatingaNavigation/Info.plist;
				LD_RUNPATH_SEARCH_PATHS = "$(inherited) @executable_path/Frameworks";
				PRODUCT_NAME = "$(TARGET_NAME)";
			};
			name = Release;
		};
		04D90DAF1AEE2E2400B4CC84 /* Debug */ = {
			isa = XCBuildConfiguration;
			buildSettings = {
				BUNDLE_LOADER = "$(TEST_HOST)";
				FRAMEWORK_SEARCH_PATHS = (
					"$(SDKROOT)/Developer/Library/Frameworks",
					"$(inherited)",
				);
				GCC_PREPROCESSOR_DEFINITIONS = (
					"DEBUG=1",
					"$(inherited)",
				);
				INFOPLIST_FILE = ManipulatingaNavigationTests/Info.plist;
				LD_RUNPATH_SEARCH_PATHS = "$(inherited) @executable_path/Frameworks @loader_path/Frameworks";
				PRODUCT_NAME = "$(TARGET_NAME)";
				TEST_HOST = "$(BUILT_PRODUCTS_DIR)/ManipulatingaNavigation.app/ManipulatingaNavigation";
			};
			name = Debug;
		};
		04D90DB01AEE2E2400B4CC84 /* Release */ = {
			isa = XCBuildConfiguration;
			buildSettings = {
				BUNDLE_LOADER = "$(TEST_HOST)";
				FRAMEWORK_SEARCH_PATHS = (
					"$(SDKROOT)/Developer/Library/Frameworks",
					"$(inherited)",
				);
				INFOPLIST_FILE = ManipulatingaNavigationTests/Info.plist;
				LD_RUNPATH_SEARCH_PATHS = "$(inherited) @executable_path/Frameworks @loader_path/Frameworks";
				PRODUCT_NAME = "$(TARGET_NAME)";
				TEST_HOST = "$(BUILT_PRODUCTS_DIR)/ManipulatingaNavigation.app/ManipulatingaNavigation";
			};
			name = Release;
		};
/* End XCBuildConfiguration section */

/* Begin XCConfigurationList section */
		04D90D831AEE2E2300B4CC84 /* Build configuration list for PBXProject "ManipulatingaNavigation" */ = {
			isa = XCConfigurationList;
			buildConfigurations = (
				04D90DA91AEE2E2400B4CC84 /* Debug */,
				04D90DAA1AEE2E2400B4CC84 /* Release */,
			);
			defaultConfigurationIsVisible = 0;
			defaultConfigurationName = Release;
		};
		04D90DAB1AEE2E2400B4CC84 /* Build configuration list for PBXNativeTarget "ManipulatingaNavigation" */ = {
			isa = XCConfigurationList;
			buildConfigurations = (
				04D90DAC1AEE2E2400B4CC84 /* Debug */,
				04D90DAD1AEE2E2400B4CC84 /* Release */,
			);
			defaultConfigurationIsVisible = 0;
		};
		04D90DAE1AEE2E2400B4CC84 /* Build configuration list for PBXNativeTarget "ManipulatingaNavigationTests" */ = {
			isa = XCConfigurationList;
			buildConfigurations = (
				04D90DAF1AEE2E2400B4CC84 /* Debug */,
				04D90DB01AEE2E2400B4CC84 /* Release */,
			);
			defaultConfigurationIsVisible = 0;
		};
/* End XCConfigurationList section */
	};
	rootObject = 04D90D801AEE2E2300B4CC84 /* Project object */;
}
