// !$*UTF8*$!
{
	archiveVersion = 1;
	classes = {
	};
	objectVersion = 46;
	objects = {

/* Begin PBXBuildFile section */
		04B619311AECDB47002D6885 /* main.m in Sources */ = {isa = PBXBuildFile; fileRef = 04B619301AECDB47002D6885 /* main.m */; };
		04B619341AECDB47002D6885 /* AppDelegate.m in Sources */ = {isa = PBXBuildFile; fileRef = 04B619331AECDB47002D6885 /* AppDelegate.m */; };
		04B6193C1AECDB47002D6885 /* Images.xcassets in Resources */ = {isa = PBXBuildFile; fileRef = 04B6193B1AECDB47002D6885 /* Images.xcassets */; };
		04B6193F1AECDB47002D6885 /* LaunchScreen.xib in Resources */ = {isa = PBXBuildFile; fileRef = 04B6193D1AECDB47002D6885 /* LaunchScreen.xib */; };
		04B6194B1AECDB47002D6885 /* createViewcontrollerTests.m in Sources */ = {isa = PBXBuildFile; fileRef = 04B6194A1AECDB47002D6885 /* createViewcontrollerTests.m */; };
		04B619561AECDB69002D6885 /* ViewController.m in Sources */ = {isa = PBXBuildFile; fileRef = 04B619551AECDB69002D6885 /* ViewController.m */; };
/* End PBXBuildFile section */

/* Begin PBXContainerItemProxy section */
		04B619451AECDB47002D6885 /* PBXContainerItemProxy */ = {
			isa = PBXContainerItemProxy;
			containerPortal = 04B619231AECDB47002D6885 /* Project object */;
			proxyType = 1;
			remoteGlobalIDString = 04B6192A1AECDB47002D6885;
			remoteInfo = createViewcontroller;
		};
/* End PBXContainerItemProxy section */

/* Begin PBXFileReference section */
		04B6192B1AECDB47002D6885 /* createViewcontroller.app */ = {isa = PBXFileReference; explicitFileType = wrapper.application; includeInIndex = 0; path = createViewcontroller.app; sourceTree = BUILT_PRODUCTS_DIR; };
		04B6192F1AECDB47002D6885 /* Info.plist */ = {isa = PBXFileReference; lastKnownFileType = text.plist.xml; path = Info.plist; sourceTree = "<group>"; };
		04B619301AECDB47002D6885 /* main.m */ = {isa = PBXFileReference; lastKnownFileType = sourcecode.c.objc; path = main.m; sourceTree = "<group>"; };
		04B619321AECDB47002D6885 /* AppDelegate.h */ = {isa = PBXFileReference; lastKnownFileType = sourcecode.c.h; path = AppDelegate.h; sourceTree = "<group>"; };
		04B619331AECDB47002D6885 /* AppDelegate.m */ = {isa = PBXFileReference; lastKnownFileType = sourcecode.c.objc; path = AppDelegate.m; sourceTree = "<group>"; };
		04B6193B1AECDB47002D6885 /* Images.xcassets */ = {isa = PBXFileReference; lastKnownFileType = folder.assetcatalog; path = Images.xcassets; sourceTree = "<group>"; };
		04B6193E1AECDB47002D6885 /* Base */ = {isa = PBXFileReference; lastKnownFileType = file.xib; name = Base; path = Base.lproj/LaunchScreen.xib; sourceTree = "<group>"; };
		04B619441AECDB47002D6885 /* createViewcontrollerTests.xctest */ = {isa = PBXFileReference; explicitFileType = wrapper.cfbundle; includeInIndex = 0; path = createViewcontrollerTests.xctest; sourceTree = BUILT_PRODUCTS_DIR; };
		04B619491AECDB47002D6885 /* Info.plist */ = {isa = PBXFileReference; lastKnownFileType = text.plist.xml; path = Info.plist; sourceTree = "<group>"; };
		04B6194A1AECDB47002D6885 /* createViewcontrollerTests.m */ = {isa = PBXFileReference; lastKnownFileType = sourcecode.c.objc; path = createViewcontrollerTests.m; sourceTree = "<group>"; };
		04B619541AECDB69002D6885 /* ViewController.h */ = {isa = PBXFileReference; fileEncoding = 4; lastKnownFileType = sourcecode.c.h; path = ViewController.h; sourceTree = "<group>"; };
		04B619551AECDB69002D6885 /* ViewController.m */ = {isa = PBXFileReference; fileEncoding = 4; lastKnownFileType = sourcecode.c.objc; path = ViewController.m; sourceTree = "<group>"; };
/* End PBXFileReference section */

/* Begin PBXFrameworksBuildPhase section */
		04B619281AECDB47002D6885 /* Frameworks */ = {
			isa = PBXFrameworksBuildPhase;
			buildActionMask = 2147483647;
			files = (
			);
			runOnlyForDeploymentPostprocessing = 0;
		};
		04B619411AECDB47002D6885 /* Frameworks */ = {
			isa = PBXFrameworksBuildPhase;
			buildActionMask = 2147483647;
			files = (
			);
			runOnlyForDeploymentPostprocessing = 0;
		};
/* End PBXFrameworksBuildPhase section */

/* Begin PBXGroup section */
		04B619221AECDB47002D6885 = {
			isa = PBXGroup;
			children = (
				04B6192D1AECDB47002D6885 /* createViewcontroller */,
				04B619471AECDB47002D6885 /* createViewcontrollerTests */,
				04B6192C1AECDB47002D6885 /* Products */,
			);
			sourceTree = "<group>";
		};
		04B6192C1AECDB47002D6885 /* Products */ = {
			isa = PBXGroup;
			children = (
				04B6192B1AECDB47002D6885 /* createViewcontroller.app */,
				04B619441AECDB47002D6885 /* createViewcontrollerTests.xctest */,
			);
			name = Products;
			sourceTree = "<group>";
		};
		04B6192D1AECDB47002D6885 /* createViewcontroller */ = {
			isa = PBXGroup;
			children = (
				04B619321AECDB47002D6885 /* AppDelegate.h */,
				04B619331AECDB47002D6885 /* AppDelegate.m */,
				04B6193B1AECDB47002D6885 /* Images.xcassets */,
				04B6193D1AECDB47002D6885 /* LaunchScreen.xib */,
				04B6192E1AECDB47002D6885 /* Supporting Files */,
				04B619541AECDB69002D6885 /* ViewController.h */,
				04B619551AECDB69002D6885 /* ViewController.m */,
			);
			path = createViewcontroller;
			sourceTree = "<group>";
		};
		04B6192E1AECDB47002D6885 /* Supporting Files */ = {
			isa = PBXGroup;
			children = (
				04B6192F1AECDB47002D6885 /* Info.plist */,
				04B619301AECDB47002D6885 /* main.m */,
			);
			name = "Supporting Files";
			sourceTree = "<group>";
		};
		04B619471AECDB47002D6885 /* createViewcontrollerTests */ = {
			isa = PBXGroup;
			children = (
				04B6194A1AECDB47002D6885 /* createViewcontrollerTests.m */,
				04B619481AECDB47002D6885 /* Supporting Files */,
			);
			path = createViewcontrollerTests;
			sourceTree = "<group>";
		};
		04B619481AECDB47002D6885 /* Supporting Files */ = {
			isa = PBXGroup;
			children = (
				04B619491AECDB47002D6885 /* Info.plist */,
			);
			name = "Supporting Files";
			sourceTree = "<group>";
		};
/* End PBXGroup section */

/* Begin PBXNativeTarget section */
		04B6192A1AECDB47002D6885 /* createViewcontroller */ = {
			isa = PBXNativeTarget;
			buildConfigurationList = 04B6194E1AECDB47002D6885 /* Build configuration list for PBXNativeTarget "createViewcontroller" */;
			buildPhases = (
				04B619271AECDB47002D6885 /* Sources */,
				04B619281AECDB47002D6885 /* Frameworks */,
				04B619291AECDB47002D6885 /* Resources */,
			);
			buildRules = (
			);
			dependencies = (
			);
			name = createViewcontroller;
			productName = createViewcontroller;
			productReference = 04B6192B1AECDB47002D6885 /* createViewcontroller.app */;
			productType = "com.apple.product-type.application";
		};
		04B619431AECDB47002D6885 /* createViewcontrollerTests */ = {
			isa = PBXNativeTarget;
			buildConfigurationList = 04B619511AECDB47002D6885 /* Build configuration list for PBXNativeTarget "createViewcontrollerTests" */;
			buildPhases = (
				04B619401AECDB47002D6885 /* Sources */,
				04B619411AECDB47002D6885 /* Frameworks */,
				04B619421AECDB47002D6885 /* Resources */,
			);
			buildRules = (
			);
			dependencies = (
				04B619461AECDB47002D6885 /* PBXTargetDependency */,
			);
			name = createViewcontrollerTests;
			productName = createViewcontrollerTests;
			productReference = 04B619441AECDB47002D6885 /* createViewcontrollerTests.xctest */;
			productType = "com.apple.product-type.bundle.unit-test";
		};
/* End PBXNativeTarget section */

/* Begin PBXProject section */
		04B619231AECDB47002D6885 /* Project object */ = {
			isa = PBXProject;
			attributes = {
				LastUpgradeCheck = 0630;
				ORGANIZATIONNAME = leuducquy;
				TargetAttributes = {
					04B6192A1AECDB47002D6885 = {
						CreatedOnToolsVersion = 6.3.1;
					};
					04B619431AECDB47002D6885 = {
						CreatedOnToolsVersion = 6.3.1;
						TestTargetID = 04B6192A1AECDB47002D6885;
					};
				};
			};
			buildConfigurationList = 04B619261AECDB47002D6885 /* Build configuration list for PBXProject "createViewcontroller" */;
			compatibilityVersion = "Xcode 3.2";
			developmentRegion = English;
			hasScannedForEncodings = 0;
			knownRegions = (
				en,
				Base,
			);
			mainGroup = 04B619221AECDB47002D6885;
			productRefGroup = 04B6192C1AECDB47002D6885 /* Products */;
			projectDirPath = "";
			projectRoot = "";
			targets = (
				04B6192A1AECDB47002D6885 /* createViewcontroller */,
				04B619431AECDB47002D6885 /* createViewcontrollerTests */,
			);
		};
/* End PBXProject section */

/* Begin PBXResourcesBuildPhase section */
		04B619291AECDB47002D6885 /* Resources */ = {
			isa = PBXResourcesBuildPhase;
			buildActionMask = 2147483647;
			files = (
				04B6193F1AECDB47002D6885 /* LaunchScreen.xib in Resources */,
				04B6193C1AECDB47002D6885 /* Images.xcassets in Resources */,
			);
			runOnlyForDeploymentPostprocessing = 0;
		};
		04B619421AECDB47002D6885 /* Resources */ = {
			isa = PBXResourcesBuildPhase;
			buildActionMask = 2147483647;
			files = (
			);
			runOnlyForDeploymentPostprocessing = 0;
		};
/* End PBXResourcesBuildPhase section */

/* Begin PBXSourcesBuildPhase section */
		04B619271AECDB47002D6885 /* Sources */ = {
			isa = PBXSourcesBuildPhase;
			buildActionMask = 2147483647;
			files = (
				04B619561AECDB69002D6885 /* ViewController.m in Sources */,
				04B619341AECDB47002D6885 /* AppDelegate.m in Sources */,
				04B619311AECDB47002D6885 /* main.m in Sources */,
			);
			runOnlyForDeploymentPostprocessing = 0;
		};
		04B619401AECDB47002D6885 /* Sources */ = {
			isa = PBXSourcesBuildPhase;
			buildActionMask = 2147483647;
			files = (
				04B6194B1AECDB47002D6885 /* createViewcontrollerTests.m in Sources */,
			);
			runOnlyForDeploymentPostprocessing = 0;
		};
/* End PBXSourcesBuildPhase section */

/* Begin PBXTargetDependency section */
		04B619461AECDB47002D6885 /* PBXTargetDependency */ = {
			isa = PBXTargetDependency;
			target = 04B6192A1AECDB47002D6885 /* createViewcontroller */;
			targetProxy = 04B619451AECDB47002D6885 /* PBXContainerItemProxy */;
		};
/* End PBXTargetDependency section */

/* Begin PBXVariantGroup section */
		04B6193D1AECDB47002D6885 /* LaunchScreen.xib */ = {
			isa = PBXVariantGroup;
			children = (
				04B6193E1AECDB47002D6885 /* Base */,
			);
			name = LaunchScreen.xib;
			sourceTree = "<group>";
		};
/* End PBXVariantGroup section */

/* Begin XCBuildConfiguration section */
		04B6194C1AECDB47002D6885 /* Debug */ = {
			isa = XCBuildConfiguration;
			buildSettings = {
				ALWAYS_SEARCH_USER_PATHS = NO;
				CLANG_CXX_LANGUAGE_STANDARD = "gnu++0x";
				CLANG_CXX_LIBRARY = "libc++";
				CLANG_ENABLE_MODULES = YES;
				CLANG_ENABLE_OBJC_ARC = YES;
				CLANG_WARN_BOOL_CONVERSION = YES;
				CLANG_WARN_CONSTANT_CONVERSION = YES;
				CLANG_WARN_DIRECT_OBJC_ISA_USAGE = YES_ERROR;
				CLANG_WARN_EMPTY_BODY = YES;
				CLANG_WARN_ENUM_CONVERSION = YES;
				CLANG_WARN_INT_CONVERSION = YES;
				CLANG_WARN_OBJC_ROOT_CLASS = YES_ERROR;
				CLANG_WARN_UNREACHABLE_CODE = YES;
				CLANG_WARN__DUPLICATE_METHOD_MATCH = YES;
				"CODE_SIGN_IDENTITY[sdk=iphoneos*]" = "iPhone Developer";
				COPY_PHASE_STRIP = NO;
				DEBUG_INFORMATION_FORMAT = "dwarf-with-dsym";
				ENABLE_STRICT_OBJC_MSGSEND = YES;
				GCC_C_LANGUAGE_STANDARD = gnu99;
				GCC_DYNAMIC_NO_PIC = NO;
				GCC_NO_COMMON_BLOCKS = YES;
				GCC_OPTIMIZATION_LEVEL = 0;
				GCC_PREPROCESSOR_DEFINITIONS = (
					"DEBUG=1",
					"$(inherited)",
				);
				GCC_SYMBOLS_PRIVATE_EXTERN = NO;
				GCC_WARN_64_TO_32_BIT_CONVERSION = YES;
				GCC_WARN_ABOUT_RETURN_TYPE = YES_ERROR;
				GCC_WARN_UNDECLARED_SELECTOR = YES;
				GCC_WARN_UNINITIALIZED_AUTOS = YES_AGGRESSIVE;
				GCC_WARN_UNUSED_FUNCTION = YES;
				GCC_WARN_UNUSED_VARIABLE = YES;
				IPHONEOS_DEPLOYMENT_TARGET = 8.3;
				MTL_ENABLE_DEBUG_INFO = YES;
				ONLY_ACTIVE_ARCH = YES;
				SDKROOT = iphoneos;
			};
			name = Debug;
		};
		04B6194D1AECDB47002D6885 /* Release */ = {
			isa = XCBuildConfiguration;
			buildSettings = {
				ALWAYS_SEARCH_USER_PATHS = NO;
				CLANG_CXX_LANGUAGE_STANDARD = "gnu++0x";
				CLANG_CXX_LIBRARY = "libc++";
				CLANG_ENABLE_MODULES = YES;
				CLANG_ENABLE_OBJC_ARC = YES;
				CLANG_WARN_BOOL_CONVERSION = YES;
				CLANG_WARN_CONSTANT_CONVERSION = YES;
				CLANG_WARN_DIRECT_OBJC_ISA_USAGE = YES_ERROR;
				CLANG_WARN_EMPTY_BODY = YES;
				CLANG_WARN_ENUM_CONVERSION = YES;
				CLANG_WARN_INT_CONVERSION = YES;
				CLANG_WARN_OBJC_ROOT_CLASS = YES_ERROR;
				CLANG_WARN_UNREACHABLE_CODE = YES;
				CLANG_WARN__DUPLICATE_METHOD_MATCH = YES;
				"CODE_SIGN_IDENTITY[sdk=iphoneos*]" = "iPhone Developer";
				COPY_PHASE_STRIP = NO;
				DEBUG_INFORMATION_FORMAT = "dwarf-with-dsym";
				ENABLE_NS_ASSERTIONS = NO;
				ENABLE_STRICT_OBJC_MSGSEND = YES;
				GCC_C_LANGUAGE_STANDARD = gnu99;
				GCC_NO_COMMON_BLOCKS = YES;
				GCC_WARN_64_TO_32_BIT_CONVERSION = YES;
				GCC_WARN_ABOUT_RETURN_TYPE = YES_ERROR;
				GCC_WARN_UNDECLARED_SELECTOR = YES;
				GCC_WARN_UNINITIALIZED_AUTOS = YES_AGGRESSIVE;
				GCC_WARN_UNUSED_FUNCTION = YES;
				GCC_WARN_UNUSED_VARIABLE = YES;
				IPHONEOS_DEPLOYMENT_TARGET = 8.3;
				MTL_ENABLE_DEBUG_INFO = NO;
				SDKROOT = iphoneos;
				VALIDATE_PRODUCT = YES;
			};
			name = Release;
		};
		04B6194F1AECDB47002D6885 /* Debug */ = {
			isa = XCBuildConfiguration;
			buildSettings = {
				ASSETCATALOG_COMPILER_APPICON_NAME = AppIcon;
				INFOPLIST_FILE = createViewcontroller/Info.plist;
				LD_RUNPATH_SEARCH_PATHS = "$(inherited) @executable_path/Frameworks";
				PRODUCT_NAME = "$(TARGET_NAME)";
			};
			name = Debug;
		};
		04B619501AECDB47002D6885 /* Release */ = {
			isa = XCBuildConfiguration;
			buildSettings = {
				ASSETCATALOG_COMPILER_APPICON_NAME = AppIcon;
				INFOPLIST_FILE = createViewcontroller/Info.plist;
				LD_RUNPATH_SEARCH_PATHS = "$(inherited) @executable_path/Frameworks";
				PRODUCT_NAME = "$(TARGET_NAME)";
			};
			name = Release;
		};
		04B619521AECDB47002D6885 /* Debug */ = {
			isa = XCBuildConfiguration;
			buildSettings = {
				BUNDLE_LOADER = "$(TEST_HOST)";
				FRAMEWORK_SEARCH_PATHS = (
					"$(SDKROOT)/Developer/Library/Frameworks",
					"$(inherited)",
				);
				GCC_PREPROCESSOR_DEFINITIONS = (
					"DEBUG=1",
					"$(inherited)",
				);
				INFOPLIST_FILE = createViewcontrollerTests/Info.plist;
				LD_RUNPATH_SEARCH_PATHS = "$(inherited) @executable_path/Frameworks @loader_path/Frameworks";
				PRODUCT_NAME = "$(TARGET_NAME)";
				TEST_HOST = "$(BUILT_PRODUCTS_DIR)/createViewcontroller.app/createViewcontroller";
			};
			name = Debug;
		};
		04B619531AECDB47002D6885 /* Release */ = {
			isa = XCBuildConfiguration;
			buildSettings = {
				BUNDLE_LOADER = "$(TEST_HOST)";
				FRAMEWORK_SEARCH_PATHS = (
					"$(SDKROOT)/Developer/Library/Frameworks",
					"$(inherited)",
				);
				INFOPLIST_FILE = createViewcontrollerTests/Info.plist;
				LD_RUNPATH_SEARCH_PATHS = "$(inherited) @executable_path/Frameworks @loader_path/Frameworks";
				PRODUCT_NAME = "$(TARGET_NAME)";
				TEST_HOST = "$(BUILT_PRODUCTS_DIR)/createViewcontroller.app/createViewcontroller";
			};
			name = Release;
		};
/* End XCBuildConfiguration section */

/* Begin XCConfigurationList section */
		04B619261AECDB47002D6885 /* Build configuration list for PBXProject "createViewcontroller" */ = {
			isa = XCConfigurationList;
			buildConfigurations = (
				04B6194C1AECDB47002D6885 /* Debug */,
				04B6194D1AECDB47002D6885 /* Release */,
			);
			defaultConfigurationIsVisible = 0;
			defaultConfigurationName = Release;
		};
		04B6194E1AECDB47002D6885 /* Build configuration list for PBXNativeTarget "createViewcontroller" */ = {
			isa = XCConfigurationList;
			buildConfigurations = (
				04B6194F1AECDB47002D6885 /* Debug */,
				04B619501AECDB47002D6885 /* Release */,
			);
			defaultConfigurationIsVisible = 0;
		};
		04B619511AECDB47002D6885 /* Build configuration list for PBXNativeTarget "createViewcontrollerTests" */ = {
			isa = XCConfigurationList;
			buildConfigurations = (
				04B619521AECDB47002D6885 /* Debug */,
				04B619531AECDB47002D6885 /* Release */,
			);
			defaultConfigurationIsVisible = 0;
		};
/* End XCConfigurationList section */
	};
	rootObject = 04B619231AECDB47002D6885 /* Project object */;
}
