// !$*UTF8*$!
{
	archiveVersion = 1;
	classes = {
	};
	objectVersion = 46;
	objects = {

/* Begin PBXBuildFile section */
		042FDAE01AEA249800DAC76B /* main.m in Sources */ = {isa = PBXBuildFile; fileRef = 042FDADF1AEA249800DAC76B /* main.m */; };
		042FDAEB1AEA249800DAC76B /* Images.xcassets in Resources */ = {isa = PBXBuildFile; fileRef = 042FDAEA1AEA249800DAC76B /* Images.xcassets */; };
		042FDAEE1AEA249800DAC76B /* LaunchScreen.xib in Resources */ = {isa = PBXBuildFile; fileRef = 042FDAEC1AEA249800DAC76B /* LaunchScreen.xib */; };
		042FDAFA1AEA249800DAC76B /* CookBookTests.m in Sources */ = {isa = PBXBuildFile; fileRef = 042FDAF91AEA249800DAC76B /* CookBookTests.m */; };
		042FDB0C1AEA24C400DAC76B /* AppDelegate.m in Sources */ = {isa = PBXBuildFile; fileRef = 042FDB051AEA24C400DAC76B /* AppDelegate.m */; };
		042FDB0D1AEA24C400DAC76B /* BootLogic.m in Sources */ = {isa = PBXBuildFile; fileRef = 042FDB071AEA24C400DAC76B /* BootLogic.m */; };
		042FDB0E1AEA24C400DAC76B /* ConsoleScreen.m in Sources */ = {isa = PBXBuildFile; fileRef = 042FDB091AEA24C400DAC76B /* ConsoleScreen.m */; };
		042FDB0F1AEA24C400DAC76B /* MainScreen.m in Sources */ = {isa = PBXBuildFile; fileRef = 042FDB0B1AEA24C400DAC76B /* MainScreen.m */; };
		042FDB131AEA2A3900DAC76B /* Person.m in Sources */ = {isa = PBXBuildFile; fileRef = 042FDB121AEA2A3900DAC76B /* Person.m */; };
		042FDB1B1AEA48AB00DAC76B /* Jaguar.m in Sources */ = {isa = PBXBuildFile; fileRef = 042FDB1A1AEA48AB00DAC76B /* Jaguar.m */; };
		042FDB1F1AEA551200DAC76B /* Runprotocol.m in Sources */ = {isa = PBXBuildFile; fileRef = 042FDB1E1AEA551200DAC76B /* Runprotocol.m */; };
		04B618C21AECB70A002D6885 /* PickerDate.m in Sources */ = {isa = PBXBuildFile; fileRef = 04B618C01AECB70A002D6885 /* PickerDate.m */; };
		04B618C31AECB70A002D6885 /* PickerDate.xib in Resources */ = {isa = PBXBuildFile; fileRef = 04B618C11AECB70A002D6885 /* PickerDate.xib */; };
		04B618FF1AECC397002D6885 /* PickerView.m in Sources */ = {isa = PBXBuildFile; fileRef = 04B618FD1AECC397002D6885 /* PickerView.m */; };
		04B619001AECC397002D6885 /* PickerView.xib in Resources */ = {isa = PBXBuildFile; fileRef = 04B618FE1AECC397002D6885 /* PickerView.xib */; };
/* End PBXBuildFile section */

/* Begin PBXContainerItemProxy section */
		042FDAF41AEA249800DAC76B /* PBXContainerItemProxy */ = {
			isa = PBXContainerItemProxy;
			containerPortal = 042FDAD21AEA249800DAC76B /* Project object */;
			proxyType = 1;
			remoteGlobalIDString = 042FDAD91AEA249800DAC76B;
			remoteInfo = CookBook;
		};
/* End PBXContainerItemProxy section */

/* Begin PBXFileReference section */
		042FDADA1AEA249800DAC76B /* CookBook.app */ = {isa = PBXFileReference; explicitFileType = wrapper.application; includeInIndex = 0; path = CookBook.app; sourceTree = BUILT_PRODUCTS_DIR; };
		042FDADE1AEA249800DAC76B /* Info.plist */ = {isa = PBXFileReference; lastKnownFileType = text.plist.xml; path = Info.plist; sourceTree = "<group>"; };
		042FDADF1AEA249800DAC76B /* main.m */ = {isa = PBXFileReference; lastKnownFileType = sourcecode.c.objc; path = main.m; sourceTree = "<group>"; };
		042FDAEA1AEA249800DAC76B /* Images.xcassets */ = {isa = PBXFileReference; lastKnownFileType = folder.assetcatalog; path = Images.xcassets; sourceTree = "<group>"; };
		042FDAED1AEA249800DAC76B /* Base */ = {isa = PBXFileReference; lastKnownFileType = file.xib; name = Base; path = Base.lproj/LaunchScreen.xib; sourceTree = "<group>"; };
		042FDAF31AEA249800DAC76B /* CookBookTests.xctest */ = {isa = PBXFileReference; explicitFileType = wrapper.cfbundle; includeInIndex = 0; path = CookBookTests.xctest; sourceTree = BUILT_PRODUCTS_DIR; };
		042FDAF81AEA249800DAC76B /* Info.plist */ = {isa = PBXFileReference; lastKnownFileType = text.plist.xml; path = Info.plist; sourceTree = "<group>"; };
		042FDAF91AEA249800DAC76B /* CookBookTests.m */ = {isa = PBXFileReference; lastKnownFileType = sourcecode.c.objc; path = CookBookTests.m; sourceTree = "<group>"; };
		042FDB041AEA24C400DAC76B /* AppDelegate.h */ = {isa = PBXFileReference; fileEncoding = 4; lastKnownFileType = sourcecode.c.h; path = AppDelegate.h; sourceTree = "<group>"; };
		042FDB051AEA24C400DAC76B /* AppDelegate.m */ = {isa = PBXFileReference; fileEncoding = 4; lastKnownFileType = sourcecode.c.objc; path = AppDelegate.m; sourceTree = "<group>"; };
		042FDB061AEA24C400DAC76B /* BootLogic.h */ = {isa = PBXFileReference; fileEncoding = 4; lastKnownFileType = sourcecode.c.h; path = BootLogic.h; sourceTree = "<group>"; };
		042FDB071AEA24C400DAC76B /* BootLogic.m */ = {isa = PBXFileReference; fileEncoding = 4; lastKnownFileType = sourcecode.c.objc; path = BootLogic.m; sourceTree = "<group>"; };
		042FDB081AEA24C400DAC76B /* ConsoleScreen.h */ = {isa = PBXFileReference; fileEncoding = 4; lastKnownFileType = sourcecode.c.h; path = ConsoleScreen.h; sourceTree = "<group>"; };
		042FDB091AEA24C400DAC76B /* ConsoleScreen.m */ = {isa = PBXFileReference; fileEncoding = 4; lastKnownFileType = sourcecode.c.objc; path = ConsoleScreen.m; sourceTree = "<group>"; };
		042FDB0A1AEA24C400DAC76B /* MainScreen.h */ = {isa = PBXFileReference; fileEncoding = 4; lastKnownFileType = sourcecode.c.h; path = MainScreen.h; sourceTree = "<group>"; };
		042FDB0B1AEA24C400DAC76B /* MainScreen.m */ = {isa = PBXFileReference; fileEncoding = 4; lastKnownFileType = sourcecode.c.objc; path = MainScreen.m; sourceTree = "<group>"; };
		042FDB111AEA2A3900DAC76B /* Person.h */ = {isa = PBXFileReference; fileEncoding = 4; lastKnownFileType = sourcecode.c.h; path = Person.h; sourceTree = "<group>"; };
		042FDB121AEA2A3900DAC76B /* Person.m */ = {isa = PBXFileReference; fileEncoding = 4; lastKnownFileType = sourcecode.c.objc; path = Person.m; sourceTree = "<group>"; };
		042FDB191AEA48AB00DAC76B /* Jaguar.h */ = {isa = PBXFileReference; fileEncoding = 4; lastKnownFileType = sourcecode.c.h; path = Jaguar.h; sourceTree = "<group>"; };
		042FDB1A1AEA48AB00DAC76B /* Jaguar.m */ = {isa = PBXFileReference; fileEncoding = 4; lastKnownFileType = sourcecode.c.objc; path = Jaguar.m; sourceTree = "<group>"; };
		042FDB1C1AEA49F100DAC76B /* Car.h */ = {isa = PBXFileReference; fileEncoding = 4; lastKnownFileType = sourcecode.c.h; path = Car.h; sourceTree = "<group>"; };
		042FDB1D1AEA551200DAC76B /* Runprotocol.h */ = {isa = PBXFileReference; fileEncoding = 4; lastKnownFileType = sourcecode.c.h; path = Runprotocol.h; sourceTree = "<group>"; };
		042FDB1E1AEA551200DAC76B /* Runprotocol.m */ = {isa = PBXFileReference; fileEncoding = 4; lastKnownFileType = sourcecode.c.objc; path = Runprotocol.m; sourceTree = "<group>"; };
		04B618BF1AECB70A002D6885 /* PickerDate.h */ = {isa = PBXFileReference; fileEncoding = 4; lastKnownFileType = sourcecode.c.h; path = PickerDate.h; sourceTree = "<group>"; };
		04B618C01AECB70A002D6885 /* PickerDate.m */ = {isa = PBXFileReference; fileEncoding = 4; lastKnownFileType = sourcecode.c.objc; path = PickerDate.m; sourceTree = "<group>"; };
		04B618C11AECB70A002D6885 /* PickerDate.xib */ = {isa = PBXFileReference; fileEncoding = 4; lastKnownFileType = file.xib; path = PickerDate.xib; sourceTree = "<group>"; };
		04B618FC1AECC397002D6885 /* PickerView.h */ = {isa = PBXFileReference; fileEncoding = 4; lastKnownFileType = sourcecode.c.h; path = PickerView.h; sourceTree = "<group>"; };
		04B618FD1AECC397002D6885 /* PickerView.m */ = {isa = PBXFileReference; fileEncoding = 4; lastKnownFileType = sourcecode.c.objc; path = PickerView.m; sourceTree = "<group>"; };
		04B618FE1AECC397002D6885 /* PickerView.xib */ = {isa = PBXFileReference; fileEncoding = 4; lastKnownFileType = file.xib; path = PickerView.xib; sourceTree = "<group>"; };
/* End PBXFileReference section */

/* Begin PBXFrameworksBuildPhase section */
		042FDAD71AEA249800DAC76B /* Frameworks */ = {
			isa = PBXFrameworksBuildPhase;
			buildActionMask = 2147483647;
			files = (
			);
			runOnlyForDeploymentPostprocessing = 0;
		};
		042FDAF01AEA249800DAC76B /* Frameworks */ = {
			isa = PBXFrameworksBuildPhase;
			buildActionMask = 2147483647;
			files = (
			);
			runOnlyForDeploymentPostprocessing = 0;
		};
/* End PBXFrameworksBuildPhase section */

/* Begin PBXGroup section */
		042FDAD11AEA249800DAC76B = {
			isa = PBXGroup;
			children = (
				042FDADC1AEA249800DAC76B /* CookBook */,
				042FDAF61AEA249800DAC76B /* CookBookTests */,
				042FDADB1AEA249800DAC76B /* Products */,
			);
			sourceTree = "<group>";
		};
		042FDADB1AEA249800DAC76B /* Products */ = {
			isa = PBXGroup;
			children = (
				042FDADA1AEA249800DAC76B /* CookBook.app */,
				042FDAF31AEA249800DAC76B /* CookBookTests.xctest */,
			);
			name = Products;
			sourceTree = "<group>";
		};
		042FDADC1AEA249800DAC76B /* CookBook */ = {
			isa = PBXGroup;
			children = (
				04B618F61AECC173002D6885 /* Advance */,
				042FDB101AEA2A1300DAC76B /* Basic */,
				042FDB031AEA24B300DAC76B /* Core */,
				042FDAEA1AEA249800DAC76B /* Images.xcassets */,
				042FDAEC1AEA249800DAC76B /* LaunchScreen.xib */,
				042FDADD1AEA249800DAC76B /* Supporting Files */,
			);
			path = CookBook;
			sourceTree = "<group>";
		};
		042FDADD1AEA249800DAC76B /* Supporting Files */ = {
			isa = PBXGroup;
			children = (
				042FDADE1AEA249800DAC76B /* Info.plist */,
				042FDADF1AEA249800DAC76B /* main.m */,
			);
			name = "Supporting Files";
			sourceTree = "<group>";
		};
		042FDAF61AEA249800DAC76B /* CookBookTests */ = {
			isa = PBXGroup;
			children = (
				042FDAF91AEA249800DAC76B /* CookBookTests.m */,
				042FDAF71AEA249800DAC76B /* Supporting Files */,
			);
			path = CookBookTests;
			sourceTree = "<group>";
		};
		042FDAF71AEA249800DAC76B /* Supporting Files */ = {
			isa = PBXGroup;
			children = (
				042FDAF81AEA249800DAC76B /* Info.plist */,
			);
			name = "Supporting Files";
			sourceTree = "<group>";
		};
		042FDB031AEA24B300DAC76B /* Core */ = {
			isa = PBXGroup;
			children = (
				042FDB041AEA24C400DAC76B /* AppDelegate.h */,
				042FDB051AEA24C400DAC76B /* AppDelegate.m */,
				042FDB061AEA24C400DAC76B /* BootLogic.h */,
				042FDB071AEA24C400DAC76B /* BootLogic.m */,
				042FDB081AEA24C400DAC76B /* ConsoleScreen.h */,
				042FDB091AEA24C400DAC76B /* ConsoleScreen.m */,
				042FDB0A1AEA24C400DAC76B /* MainScreen.h */,
				042FDB0B1AEA24C400DAC76B /* MainScreen.m */,
			);
			name = Core;
			sourceTree = "<group>";
		};
		042FDB101AEA2A1300DAC76B /* Basic */ = {
			isa = PBXGroup;
			children = (
				042FDB151AEA406000DAC76B /* Protocol,NSstring,array,set,oderset */,
				042FDB141AEA3FE500DAC76B /* Copy,assign,strong,weak,subcripting */,
				04B618BF1AECB70A002D6885 /* PickerDate.h */,
				04B618C01AECB70A002D6885 /* PickerDate.m */,
				04B618C11AECB70A002D6885 /* PickerDate.xib */,
			);
			name = Basic;
			sourceTree = "<group>";
		};
		042FDB141AEA3FE500DAC76B /* Copy,assign,strong,weak,subcripting */ = {
			isa = PBXGroup;
			children = (
				042FDB121AEA2A3900DAC76B /* Person.m */,
				042FDB111AEA2A3900DAC76B /* Person.h */,
			);
			name = "Copy,assign,strong,weak,subcripting";
			sourceTree = "<group>";
		};
		042FDB151AEA406000DAC76B /* Protocol,NSstring,array,set,oderset */ = {
			isa = PBXGroup;
			children = (
				042FDB191AEA48AB00DAC76B /* Jaguar.h */,
				042FDB1A1AEA48AB00DAC76B /* Jaguar.m */,
				042FDB1C1AEA49F100DAC76B /* Car.h */,
				042FDB1D1AEA551200DAC76B /* Runprotocol.h */,
				042FDB1E1AEA551200DAC76B /* Runprotocol.m */,
			);
			name = "Protocol,NSstring,array,set,oderset";
			sourceTree = "<group>";
		};
		04B618F61AECC173002D6885 /* Advance */ = {
			isa = PBXGroup;
			children = (
				04B618FC1AECC397002D6885 /* PickerView.h */,
				04B618FD1AECC397002D6885 /* PickerView.m */,
				04B618FE1AECC397002D6885 /* PickerView.xib */,
			);
			name = Advance;
			sourceTree = "<group>";
		};
/* End PBXGroup section */

/* Begin PBXNativeTarget section */
		042FDAD91AEA249800DAC76B /* CookBook */ = {
			isa = PBXNativeTarget;
			buildConfigurationList = 042FDAFD1AEA249800DAC76B /* Build configuration list for PBXNativeTarget "CookBook" */;
			buildPhases = (
				042FDAD61AEA249800DAC76B /* Sources */,
				042FDAD71AEA249800DAC76B /* Frameworks */,
				042FDAD81AEA249800DAC76B /* Resources */,
			);
			buildRules = (
			);
			dependencies = (
			);
			name = CookBook;
			productName = CookBook;
			productReference = 042FDADA1AEA249800DAC76B /* CookBook.app */;
			productType = "com.apple.product-type.application";
		};
		042FDAF21AEA249800DAC76B /* CookBookTests */ = {
			isa = PBXNativeTarget;
			buildConfigurationList = 042FDB001AEA249800DAC76B /* Build configuration list for PBXNativeTarget "CookBookTests" */;
			buildPhases = (
				042FDAEF1AEA249800DAC76B /* Sources */,
				042FDAF01AEA249800DAC76B /* Frameworks */,
				042FDAF11AEA249800DAC76B /* Resources */,
			);
			buildRules = (
			);
			dependencies = (
				042FDAF51AEA249800DAC76B /* PBXTargetDependency */,
			);
			name = CookBookTests;
			productName = CookBookTests;
			productReference = 042FDAF31AEA249800DAC76B /* CookBookTests.xctest */;
			productType = "com.apple.product-type.bundle.unit-test";
		};
/* End PBXNativeTarget section */

/* Begin PBXProject section */
		042FDAD21AEA249800DAC76B /* Project object */ = {
			isa = PBXProject;
			attributes = {
				LastUpgradeCheck = 0630;
				ORGANIZATIONNAME = leuducquy;
				TargetAttributes = {
					042FDAD91AEA249800DAC76B = {
						CreatedOnToolsVersion = 6.3.1;
					};
					042FDAF21AEA249800DAC76B = {
						CreatedOnToolsVersion = 6.3.1;
						TestTargetID = 042FDAD91AEA249800DAC76B;
					};
				};
			};
			buildConfigurationList = 042FDAD51AEA249800DAC76B /* Build configuration list for PBXProject "CookBook" */;
			compatibilityVersion = "Xcode 3.2";
			developmentRegion = English;
			hasScannedForEncodings = 0;
			knownRegions = (
				en,
				Base,
			);
			mainGroup = 042FDAD11AEA249800DAC76B;
			productRefGroup = 042FDADB1AEA249800DAC76B /* Products */;
			projectDirPath = "";
			projectRoot = "";
			targets = (
				042FDAD91AEA249800DAC76B /* CookBook */,
				042FDAF21AEA249800DAC76B /* CookBookTests */,
			);
		};
/* End PBXProject section */

/* Begin PBXResourcesBuildPhase section */
		042FDAD81AEA249800DAC76B /* Resources */ = {
			isa = PBXResourcesBuildPhase;
			buildActionMask = 2147483647;
			files = (
				04B619001AECC397002D6885 /* PickerView.xib in Resources */,
				042FDAEE1AEA249800DAC76B /* LaunchScreen.xib in Resources */,
				042FDAEB1AEA249800DAC76B /* Images.xcassets in Resources */,
				04B618C31AECB70A002D6885 /* PickerDate.xib in Resources */,
			);
			runOnlyForDeploymentPostprocessing = 0;
		};
		042FDAF11AEA249800DAC76B /* Resources */ = {
			isa = PBXResourcesBuildPhase;
			buildActionMask = 2147483647;
			files = (
			);
			runOnlyForDeploymentPostprocessing = 0;
		};
/* End PBXResourcesBuildPhase section */

/* Begin PBXSourcesBuildPhase section */
		042FDAD61AEA249800DAC76B /* Sources */ = {
			isa = PBXSourcesBuildPhase;
			buildActionMask = 2147483647;
			files = (
				042FDB131AEA2A3900DAC76B /* Person.m in Sources */,
				042FDB0D1AEA24C400DAC76B /* BootLogic.m in Sources */,
				042FDB0F1AEA24C400DAC76B /* MainScreen.m in Sources */,
				042FDB0E1AEA24C400DAC76B /* ConsoleScreen.m in Sources */,
				04B618FF1AECC397002D6885 /* PickerView.m in Sources */,
				04B618C21AECB70A002D6885 /* PickerDate.m in Sources */,
				042FDB0C1AEA24C400DAC76B /* AppDelegate.m in Sources */,
				042FDB1B1AEA48AB00DAC76B /* Jaguar.m in Sources */,
				042FDAE01AEA249800DAC76B /* main.m in Sources */,
				042FDB1F1AEA551200DAC76B /* Runprotocol.m in Sources */,
			);
			runOnlyForDeploymentPostprocessing = 0;
		};
		042FDAEF1AEA249800DAC76B /* Sources */ = {
			isa = PBXSourcesBuildPhase;
			buildActionMask = 2147483647;
			files = (
				042FDAFA1AEA249800DAC76B /* CookBookTests.m in Sources */,
			);
			runOnlyForDeploymentPostprocessing = 0;
		};
/* End PBXSourcesBuildPhase section */

/* Begin PBXTargetDependency section */
		042FDAF51AEA249800DAC76B /* PBXTargetDependency */ = {
			isa = PBXTargetDependency;
			target = 042FDAD91AEA249800DAC76B /* CookBook */;
			targetProxy = 042FDAF41AEA249800DAC76B /* PBXContainerItemProxy */;
		};
/* End PBXTargetDependency section */

/* Begin PBXVariantGroup section */
		042FDAEC1AEA249800DAC76B /* LaunchScreen.xib */ = {
			isa = PBXVariantGroup;
			children = (
				042FDAED1AEA249800DAC76B /* Base */,
			);
			name = LaunchScreen.xib;
			sourceTree = "<group>";
		};
/* End PBXVariantGroup section */

/* Begin XCBuildConfiguration section */
		042FDAFB1AEA249800DAC76B /* Debug */ = {
			isa = XCBuildConfiguration;
			buildSettings = {
				ALWAYS_SEARCH_USER_PATHS = NO;
				CLANG_CXX_LANGUAGE_STANDARD = "gnu++0x";
				CLANG_CXX_LIBRARY = "libc++";
				CLANG_ENABLE_MODULES = YES;
				CLANG_ENABLE_OBJC_ARC = YES;
				CLANG_WARN_BOOL_CONVERSION = YES;
				CLANG_WARN_CONSTANT_CONVERSION = YES;
				CLANG_WARN_DIRECT_OBJC_ISA_USAGE = YES_ERROR;
				CLANG_WARN_EMPTY_BODY = YES;
				CLANG_WARN_ENUM_CONVERSION = YES;
				CLANG_WARN_INT_CONVERSION = YES;
				CLANG_WARN_OBJC_ROOT_CLASS = YES_ERROR;
				CLANG_WARN_UNREACHABLE_CODE = YES;
				CLANG_WARN__DUPLICATE_METHOD_MATCH = YES;
				"CODE_SIGN_IDENTITY[sdk=iphoneos*]" = "iPhone Developer";
				COPY_PHASE_STRIP = NO;
				DEBUG_INFORMATION_FORMAT = "dwarf-with-dsym";
				ENABLE_STRICT_OBJC_MSGSEND = YES;
				GCC_C_LANGUAGE_STANDARD = gnu99;
				GCC_DYNAMIC_NO_PIC = NO;
				GCC_NO_COMMON_BLOCKS = YES;
				GCC_OPTIMIZATION_LEVEL = 0;
				GCC_PREPROCESSOR_DEFINITIONS = (
					"DEBUG=1",
					"$(inherited)",
				);
				GCC_SYMBOLS_PRIVATE_EXTERN = NO;
				GCC_WARN_64_TO_32_BIT_CONVERSION = YES;
				GCC_WARN_ABOUT_RETURN_TYPE = YES_ERROR;
				GCC_WARN_UNDECLARED_SELECTOR = YES;
				GCC_WARN_UNINITIALIZED_AUTOS = YES_AGGRESSIVE;
				GCC_WARN_UNUSED_FUNCTION = YES;
				GCC_WARN_UNUSED_VARIABLE = YES;
				IPHONEOS_DEPLOYMENT_TARGET = 8.3;
				MTL_ENABLE_DEBUG_INFO = YES;
				ONLY_ACTIVE_ARCH = YES;
				SDKROOT = iphoneos;
			};
			name = Debug;
		};
		042FDAFC1AEA249800DAC76B /* Release */ = {
			isa = XCBuildConfiguration;
			buildSettings = {
				ALWAYS_SEARCH_USER_PATHS = NO;
				CLANG_CXX_LANGUAGE_STANDARD = "gnu++0x";
				CLANG_CXX_LIBRARY = "libc++";
				CLANG_ENABLE_MODULES = YES;
				CLANG_ENABLE_OBJC_ARC = YES;
				CLANG_WARN_BOOL_CONVERSION = YES;
				CLANG_WARN_CONSTANT_CONVERSION = YES;
				CLANG_WARN_DIRECT_OBJC_ISA_USAGE = YES_ERROR;
				CLANG_WARN_EMPTY_BODY = YES;
				CLANG_WARN_ENUM_CONVERSION = YES;
				CLANG_WARN_INT_CONVERSION = YES;
				CLANG_WARN_OBJC_ROOT_CLASS = YES_ERROR;
				CLANG_WARN_UNREACHABLE_CODE = YES;
				CLANG_WARN__DUPLICATE_METHOD_MATCH = YES;
				"CODE_SIGN_IDENTITY[sdk=iphoneos*]" = "iPhone Developer";
				COPY_PHASE_STRIP = NO;
				DEBUG_INFORMATION_FORMAT = "dwarf-with-dsym";
				ENABLE_NS_ASSERTIONS = NO;
				ENABLE_STRICT_OBJC_MSGSEND = YES;
				GCC_C_LANGUAGE_STANDARD = gnu99;
				GCC_NO_COMMON_BLOCKS = YES;
				GCC_WARN_64_TO_32_BIT_CONVERSION = YES;
				GCC_WARN_ABOUT_RETURN_TYPE = YES_ERROR;
				GCC_WARN_UNDECLARED_SELECTOR = YES;
				GCC_WARN_UNINITIALIZED_AUTOS = YES_AGGRESSIVE;
				GCC_WARN_UNUSED_FUNCTION = YES;
				GCC_WARN_UNUSED_VARIABLE = YES;
				IPHONEOS_DEPLOYMENT_TARGET = 8.3;
				MTL_ENABLE_DEBUG_INFO = NO;
				SDKROOT = iphoneos;
				VALIDATE_PRODUCT = YES;
			};
			name = Release;
		};
		042FDAFE1AEA249800DAC76B /* Debug */ = {
			isa = XCBuildConfiguration;
			buildSettings = {
				ASSETCATALOG_COMPILER_APPICON_NAME = AppIcon;
				INFOPLIST_FILE = CookBook/Info.plist;
				LD_RUNPATH_SEARCH_PATHS = "$(inherited) @executable_path/Frameworks";
				PRODUCT_NAME = "$(TARGET_NAME)";
			};
			name = Debug;
		};
		042FDAFF1AEA249800DAC76B /* Release */ = {
			isa = XCBuildConfiguration;
			buildSettings = {
				ASSETCATALOG_COMPILER_APPICON_NAME = AppIcon;
				INFOPLIST_FILE = CookBook/Info.plist;
				LD_RUNPATH_SEARCH_PATHS = "$(inherited) @executable_path/Frameworks";
				PRODUCT_NAME = "$(TARGET_NAME)";
			};
			name = Release;
		};
		042FDB011AEA249800DAC76B /* Debug */ = {
			isa = XCBuildConfiguration;
			buildSettings = {
				BUNDLE_LOADER = "$(TEST_HOST)";
				FRAMEWORK_SEARCH_PATHS = (
					"$(SDKROOT)/Developer/Library/Frameworks",
					"$(inherited)",
				);
				GCC_PREPROCESSOR_DEFINITIONS = (
					"DEBUG=1",
					"$(inherited)",
				);
				INFOPLIST_FILE = CookBookTests/Info.plist;
				LD_RUNPATH_SEARCH_PATHS = "$(inherited) @executable_path/Frameworks @loader_path/Frameworks";
				PRODUCT_NAME = "$(TARGET_NAME)";
				TEST_HOST = "$(BUILT_PRODUCTS_DIR)/CookBook.app/CookBook";
			};
			name = Debug;
		};
		042FDB021AEA249800DAC76B /* Release */ = {
			isa = XCBuildConfiguration;
			buildSettings = {
				BUNDLE_LOADER = "$(TEST_HOST)";
				FRAMEWORK_SEARCH_PATHS = (
					"$(SDKROOT)/Developer/Library/Frameworks",
					"$(inherited)",
				);
				INFOPLIST_FILE = CookBookTests/Info.plist;
				LD_RUNPATH_SEARCH_PATHS = "$(inherited) @executable_path/Frameworks @loader_path/Frameworks";
				PRODUCT_NAME = "$(TARGET_NAME)";
				TEST_HOST = "$(BUILT_PRODUCTS_DIR)/CookBook.app/CookBook";
			};
			name = Release;
		};
/* End XCBuildConfiguration section */

/* Begin XCConfigurationList section */
		042FDAD51AEA249800DAC76B /* Build configuration list for PBXProject "CookBook" */ = {
			isa = XCConfigurationList;
			buildConfigurations = (
				042FDAFB1AEA249800DAC76B /* Debug */,
				042FDAFC1AEA249800DAC76B /* Release */,
			);
			defaultConfigurationIsVisible = 0;
			defaultConfigurationName = Release;
		};
		042FDAFD1AEA249800DAC76B /* Build configuration list for PBXNativeTarget "CookBook" */ = {
			isa = XCConfigurationList;
			buildConfigurations = (
				042FDAFE1AEA249800DAC76B /* Debug */,
				042FDAFF1AEA249800DAC76B /* Release */,
			);
			defaultConfigurationIsVisible = 0;
			defaultConfigurationName = Release;
		};
		042FDB001AEA249800DAC76B /* Build configuration list for PBXNativeTarget "CookBookTests" */ = {
			isa = XCConfigurationList;
			buildConfigurations = (
				042FDB011AEA249800DAC76B /* Debug */,
				042FDB021AEA249800DAC76B /* Release */,
			);
			defaultConfigurationIsVisible = 0;
			defaultConfigurationName = Release;
		};
/* End XCConfigurationList section */
	};
	rootObject = 042FDAD21AEA249800DAC76B /* Project object */;
}
