// !$*UTF8*$!
{
	archiveVersion = 1;
	classes = {
	};
	objectVersion = 46;
	objects = {

/* Begin PBXBuildFile section */
		04D44AC11AFF17FD004C4CB7 /* main.m in Sources */ = {isa = PBXBuildFile; fileRef = 04D44AC01AFF17FD004C4CB7 /* main.m */; };
		04D44AC41AFF17FD004C4CB7 /* AppDelegate.m in Sources */ = {isa = PBXBuildFile; fileRef = 04D44AC31AFF17FD004C4CB7 /* AppDelegate.m */; };
		04D44AC71AFF17FD004C4CB7 /* ViewController.m in Sources */ = {isa = PBXBuildFile; fileRef = 04D44AC61AFF17FD004C4CB7 /* ViewController.m */; };
		04D44ACA1AFF17FD004C4CB7 /* Main.storyboard in Resources */ = {isa = PBXBuildFile; fileRef = 04D44AC81AFF17FD004C4CB7 /* Main.storyboard */; };
		04D44ACC1AFF17FD004C4CB7 /* Images.xcassets in Resources */ = {isa = PBXBuildFile; fileRef = 04D44ACB1AFF17FD004C4CB7 /* Images.xcassets */; };
		04D44ACF1AFF17FD004C4CB7 /* LaunchScreen.xib in Resources */ = {isa = PBXBuildFile; fileRef = 04D44ACD1AFF17FD004C4CB7 /* LaunchScreen.xib */; };
		04D44ADB1AFF17FD004C4CB7 /* presentAndDismissControllerTests.m in Sources */ = {isa = PBXBuildFile; fileRef = 04D44ADA1AFF17FD004C4CB7 /* presentAndDismissControllerTests.m */; };
		04D44AE91AFF1976004C4CB7 /* presentViewController.m in Sources */ = {isa = PBXBuildFile; fileRef = 04D44AE81AFF1976004C4CB7 /* presentViewController.m */; };
		04D44AED1AFF2729004C4CB7 /* anotherWithXibViewController.m in Sources */ = {isa = PBXBuildFile; fileRef = 04D44AEB1AFF2729004C4CB7 /* anotherWithXibViewController.m */; };
		04D44AEE1AFF2729004C4CB7 /* anotherWithXibViewController.xib in Resources */ = {isa = PBXBuildFile; fileRef = 04D44AEC1AFF2729004C4CB7 /* anotherWithXibViewController.xib */; };
/* End PBXBuildFile section */

/* Begin PBXContainerItemProxy section */
		04D44AD51AFF17FD004C4CB7 /* PBXContainerItemProxy */ = {
			isa = PBXContainerItemProxy;
			containerPortal = 04D44AB31AFF17FD004C4CB7 /* Project object */;
			proxyType = 1;
			remoteGlobalIDString = 04D44ABA1AFF17FD004C4CB7;
			remoteInfo = presentAndDismissController;
		};
/* End PBXContainerItemProxy section */

/* Begin PBXFileReference section */
		04D44ABB1AFF17FD004C4CB7 /* presentAndDismissController.app */ = {isa = PBXFileReference; explicitFileType = wrapper.application; includeInIndex = 0; path = presentAndDismissController.app; sourceTree = BUILT_PRODUCTS_DIR; };
		04D44ABF1AFF17FD004C4CB7 /* Info.plist */ = {isa = PBXFileReference; lastKnownFileType = text.plist.xml; path = Info.plist; sourceTree = "<group>"; };
		04D44AC01AFF17FD004C4CB7 /* main.m */ = {isa = PBXFileReference; lastKnownFileType = sourcecode.c.objc; path = main.m; sourceTree = "<group>"; };
		04D44AC21AFF17FD004C4CB7 /* AppDelegate.h */ = {isa = PBXFileReference; lastKnownFileType = sourcecode.c.h; path = AppDelegate.h; sourceTree = "<group>"; };
		04D44AC31AFF17FD004C4CB7 /* AppDelegate.m */ = {isa = PBXFileReference; lastKnownFileType = sourcecode.c.objc; path = AppDelegate.m; sourceTree = "<group>"; };
		04D44AC51AFF17FD004C4CB7 /* ViewController.h */ = {isa = PBXFileReference; lastKnownFileType = sourcecode.c.h; path = ViewController.h; sourceTree = "<group>"; };
		04D44AC61AFF17FD004C4CB7 /* ViewController.m */ = {isa = PBXFileReference; lastKnownFileType = sourcecode.c.objc; path = ViewController.m; sourceTree = "<group>"; };
		04D44AC91AFF17FD004C4CB7 /* Base */ = {isa = PBXFileReference; lastKnownFileType = file.storyboard; name = Base; path = Base.lproj/Main.storyboard; sourceTree = "<group>"; };
		04D44ACB1AFF17FD004C4CB7 /* Images.xcassets */ = {isa = PBXFileReference; lastKnownFileType = folder.assetcatalog; path = Images.xcassets; sourceTree = "<group>"; };
		04D44ACE1AFF17FD004C4CB7 /* Base */ = {isa = PBXFileReference; lastKnownFileType = file.xib; name = Base; path = Base.lproj/LaunchScreen.xib; sourceTree = "<group>"; };
		04D44AD41AFF17FD004C4CB7 /* presentAndDismissControllerTests.xctest */ = {isa = PBXFileReference; explicitFileType = wrapper.cfbundle; includeInIndex = 0; path = presentAndDismissControllerTests.xctest; sourceTree = BUILT_PRODUCTS_DIR; };
		04D44AD91AFF17FD004C4CB7 /* Info.plist */ = {isa = PBXFileReference; lastKnownFileType = text.plist.xml; path = Info.plist; sourceTree = "<group>"; };
		04D44ADA1AFF17FD004C4CB7 /* presentAndDismissControllerTests.m */ = {isa = PBXFileReference; lastKnownFileType = sourcecode.c.objc; path = presentAndDismissControllerTests.m; sourceTree = "<group>"; };
		04D44AE71AFF1976004C4CB7 /* presentViewController.h */ = {isa = PBXFileReference; fileEncoding = 4; lastKnownFileType = sourcecode.c.h; path = presentViewController.h; sourceTree = "<group>"; };
		04D44AE81AFF1976004C4CB7 /* presentViewController.m */ = {isa = PBXFileReference; fileEncoding = 4; lastKnownFileType = sourcecode.c.objc; path = presentViewController.m; sourceTree = "<group>"; };
		04D44AEA1AFF2729004C4CB7 /* anotherWithXibViewController.h */ = {isa = PBXFileReference; fileEncoding = 4; lastKnownFileType = sourcecode.c.h; path = anotherWithXibViewController.h; sourceTree = "<group>"; };
		04D44AEB1AFF2729004C4CB7 /* anotherWithXibViewController.m */ = {isa = PBXFileReference; fileEncoding = 4; lastKnownFileType = sourcecode.c.objc; path = anotherWithXibViewController.m; sourceTree = "<group>"; };
		04D44AEC1AFF2729004C4CB7 /* anotherWithXibViewController.xib */ = {isa = PBXFileReference; fileEncoding = 4; lastKnownFileType = file.xib; path = anotherWithXibViewController.xib; sourceTree = "<group>"; };
/* End PBXFileReference section */

/* Begin PBXFrameworksBuildPhase section */
		04D44AB81AFF17FD004C4CB7 /* Frameworks */ = {
			isa = PBXFrameworksBuildPhase;
			buildActionMask = 2147483647;
			files = (
			);
			runOnlyForDeploymentPostprocessing = 0;
		};
		04D44AD11AFF17FD004C4CB7 /* Frameworks */ = {
			isa = PBXFrameworksBuildPhase;
			buildActionMask = 2147483647;
			files = (
			);
			runOnlyForDeploymentPostprocessing = 0;
		};
/* End PBXFrameworksBuildPhase section */

/* Begin PBXGroup section */
		04D44AB21AFF17FD004C4CB7 = {
			isa = PBXGroup;
			children = (
				04D44ABD1AFF17FD004C4CB7 /* presentAndDismissController */,
				04D44AD71AFF17FD004C4CB7 /* presentAndDismissControllerTests */,
				04D44ABC1AFF17FD004C4CB7 /* Products */,
			);
			sourceTree = "<group>";
		};
		04D44ABC1AFF17FD004C4CB7 /* Products */ = {
			isa = PBXGroup;
			children = (
				04D44ABB1AFF17FD004C4CB7 /* presentAndDismissController.app */,
				04D44AD41AFF17FD004C4CB7 /* presentAndDismissControllerTests.xctest */,
			);
			name = Products;
			sourceTree = "<group>";
		};
		04D44ABD1AFF17FD004C4CB7 /* presentAndDismissController */ = {
			isa = PBXGroup;
			children = (
				04D44AC21AFF17FD004C4CB7 /* AppDelegate.h */,
				04D44AC31AFF17FD004C4CB7 /* AppDelegate.m */,
				04D44AC51AFF17FD004C4CB7 /* ViewController.h */,
				04D44AC61AFF17FD004C4CB7 /* ViewController.m */,
				04D44AC81AFF17FD004C4CB7 /* Main.storyboard */,
				04D44ACB1AFF17FD004C4CB7 /* Images.xcassets */,
				04D44ACD1AFF17FD004C4CB7 /* LaunchScreen.xib */,
				04D44ABE1AFF17FD004C4CB7 /* Supporting Files */,
				04D44AE71AFF1976004C4CB7 /* presentViewController.h */,
				04D44AE81AFF1976004C4CB7 /* presentViewController.m */,
				04D44AEA1AFF2729004C4CB7 /* anotherWithXibViewController.h */,
				04D44AEB1AFF2729004C4CB7 /* anotherWithXibViewController.m */,
				04D44AEC1AFF2729004C4CB7 /* anotherWithXibViewController.xib */,
			);
			path = presentAndDismissController;
			sourceTree = "<group>";
		};
		04D44ABE1AFF17FD004C4CB7 /* Supporting Files */ = {
			isa = PBXGroup;
			children = (
				04D44ABF1AFF17FD004C4CB7 /* Info.plist */,
				04D44AC01AFF17FD004C4CB7 /* main.m */,
			);
			name = "Supporting Files";
			sourceTree = "<group>";
		};
		04D44AD71AFF17FD004C4CB7 /* presentAndDismissControllerTests */ = {
			isa = PBXGroup;
			children = (
				04D44ADA1AFF17FD004C4CB7 /* presentAndDismissControllerTests.m */,
				04D44AD81AFF17FD004C4CB7 /* Supporting Files */,
			);
			path = presentAndDismissControllerTests;
			sourceTree = "<group>";
		};
		04D44AD81AFF17FD004C4CB7 /* Supporting Files */ = {
			isa = PBXGroup;
			children = (
				04D44AD91AFF17FD004C4CB7 /* Info.plist */,
			);
			name = "Supporting Files";
			sourceTree = "<group>";
		};
/* End PBXGroup section */

/* Begin PBXNativeTarget section */
		04D44ABA1AFF17FD004C4CB7 /* presentAndDismissController */ = {
			isa = PBXNativeTarget;
			buildConfigurationList = 04D44ADE1AFF17FD004C4CB7 /* Build configuration list for PBXNativeTarget "presentAndDismissController" */;
			buildPhases = (
				04D44AB71AFF17FD004C4CB7 /* Sources */,
				04D44AB81AFF17FD004C4CB7 /* Frameworks */,
				04D44AB91AFF17FD004C4CB7 /* Resources */,
			);
			buildRules = (
			);
			dependencies = (
			);
			name = presentAndDismissController;
			productName = presentAndDismissController;
			productReference = 04D44ABB1AFF17FD004C4CB7 /* presentAndDismissController.app */;
			productType = "com.apple.product-type.application";
		};
		04D44AD31AFF17FD004C4CB7 /* presentAndDismissControllerTests */ = {
			isa = PBXNativeTarget;
			buildConfigurationList = 04D44AE11AFF17FD004C4CB7 /* Build configuration list for PBXNativeTarget "presentAndDismissControllerTests" */;
			buildPhases = (
				04D44AD01AFF17FD004C4CB7 /* Sources */,
				04D44AD11AFF17FD004C4CB7 /* Frameworks */,
				04D44AD21AFF17FD004C4CB7 /* Resources */,
			);
			buildRules = (
			);
			dependencies = (
				04D44AD61AFF17FD004C4CB7 /* PBXTargetDependency */,
			);
			name = presentAndDismissControllerTests;
			productName = presentAndDismissControllerTests;
			productReference = 04D44AD41AFF17FD004C4CB7 /* presentAndDismissControllerTests.xctest */;
			productType = "com.apple.product-type.bundle.unit-test";
		};
/* End PBXNativeTarget section */

/* Begin PBXProject section */
		04D44AB31AFF17FD004C4CB7 /* Project object */ = {
			isa = PBXProject;
			attributes = {
				LastUpgradeCheck = 0630;
				ORGANIZATIONNAME = leuducquy;
				TargetAttributes = {
					04D44ABA1AFF17FD004C4CB7 = {
						CreatedOnToolsVersion = 6.3.1;
					};
					04D44AD31AFF17FD004C4CB7 = {
						CreatedOnToolsVersion = 6.3.1;
						TestTargetID = 04D44ABA1AFF17FD004C4CB7;
					};
				};
			};
			buildConfigurationList = 04D44AB61AFF17FD004C4CB7 /* Build configuration list for PBXProject "presentAndDismissController" */;
			compatibilityVersion = "Xcode 3.2";
			developmentRegion = English;
			hasScannedForEncodings = 0;
			knownRegions = (
				en,
				Base,
			);
			mainGroup = 04D44AB21AFF17FD004C4CB7;
			productRefGroup = 04D44ABC1AFF17FD004C4CB7 /* Products */;
			projectDirPath = "";
			projectRoot = "";
			targets = (
				04D44ABA1AFF17FD004C4CB7 /* presentAndDismissController */,
				04D44AD31AFF17FD004C4CB7 /* presentAndDismissControllerTests */,
			);
		};
/* End PBXProject section */

/* Begin PBXResourcesBuildPhase section */
		04D44AB91AFF17FD004C4CB7 /* Resources */ = {
			isa = PBXResourcesBuildPhase;
			buildActionMask = 2147483647;
			files = (
				04D44AEE1AFF2729004C4CB7 /* anotherWithXibViewController.xib in Resources */,
				04D44ACA1AFF17FD004C4CB7 /* Main.storyboard in Resources */,
				04D44ACF1AFF17FD004C4CB7 /* LaunchScreen.xib in Resources */,
				04D44ACC1AFF17FD004C4CB7 /* Images.xcassets in Resources */,
			);
			runOnlyForDeploymentPostprocessing = 0;
		};
		04D44AD21AFF17FD004C4CB7 /* Resources */ = {
			isa = PBXResourcesBuildPhase;
			buildActionMask = 2147483647;
			files = (
			);
			runOnlyForDeploymentPostprocessing = 0;
		};
/* End PBXResourcesBuildPhase section */

/* Begin PBXSourcesBuildPhase section */
		04D44AB71AFF17FD004C4CB7 /* Sources */ = {
			isa = PBXSourcesBuildPhase;
			buildActionMask = 2147483647;
			files = (
				04D44AED1AFF2729004C4CB7 /* anotherWithXibViewController.m in Sources */,
				04D44AC71AFF17FD004C4CB7 /* ViewController.m in Sources */,
				04D44AC41AFF17FD004C4CB7 /* AppDelegate.m in Sources */,
				04D44AE91AFF1976004C4CB7 /* presentViewController.m in Sources */,
				04D44AC11AFF17FD004C4CB7 /* main.m in Sources */,
			);
			runOnlyForDeploymentPostprocessing = 0;
		};
		04D44AD01AFF17FD004C4CB7 /* Sources */ = {
			isa = PBXSourcesBuildPhase;
			buildActionMask = 2147483647;
			files = (
				04D44ADB1AFF17FD004C4CB7 /* presentAndDismissControllerTests.m in Sources */,
			);
			runOnlyForDeploymentPostprocessing = 0;
		};
/* End PBXSourcesBuildPhase section */

/* Begin PBXTargetDependency section */
		04D44AD61AFF17FD004C4CB7 /* PBXTargetDependency */ = {
			isa = PBXTargetDependency;
			target = 04D44ABA1AFF17FD004C4CB7 /* presentAndDismissController */;
			targetProxy = 04D44AD51AFF17FD004C4CB7 /* PBXContainerItemProxy */;
		};
/* End PBXTargetDependency section */

/* Begin PBXVariantGroup section */
		04D44AC81AFF17FD004C4CB7 /* Main.storyboard */ = {
			isa = PBXVariantGroup;
			children = (
				04D44AC91AFF17FD004C4CB7 /* Base */,
			);
			name = Main.storyboard;
			sourceTree = "<group>";
		};
		04D44ACD1AFF17FD004C4CB7 /* LaunchScreen.xib */ = {
			isa = PBXVariantGroup;
			children = (
				04D44ACE1AFF17FD004C4CB7 /* Base */,
			);
			name = LaunchScreen.xib;
			sourceTree = "<group>";
		};
/* End PBXVariantGroup section */

/* Begin XCBuildConfiguration section */
		04D44ADC1AFF17FD004C4CB7 /* Debug */ = {
			isa = XCBuildConfiguration;
			buildSettings = {
				ALWAYS_SEARCH_USER_PATHS = NO;
				CLANG_CXX_LANGUAGE_STANDARD = "gnu++0x";
				CLANG_CXX_LIBRARY = "libc++";
				CLANG_ENABLE_MODULES = YES;
				CLANG_ENABLE_OBJC_ARC = YES;
				CLANG_WARN_BOOL_CONVERSION = YES;
				CLANG_WARN_CONSTANT_CONVERSION = YES;
				CLANG_WARN_DIRECT_OBJC_ISA_USAGE = YES_ERROR;
				CLANG_WARN_EMPTY_BODY = YES;
				CLANG_WARN_ENUM_CONVERSION = YES;
				CLANG_WARN_INT_CONVERSION = YES;
				CLANG_WARN_OBJC_ROOT_CLASS = YES_ERROR;
				CLANG_WARN_UNREACHABLE_CODE = YES;
				CLANG_WARN__DUPLICATE_METHOD_MATCH = YES;
				"CODE_SIGN_IDENTITY[sdk=iphoneos*]" = "iPhone Developer";
				COPY_PHASE_STRIP = NO;
				DEBUG_INFORMATION_FORMAT = "dwarf-with-dsym";
				ENABLE_STRICT_OBJC_MSGSEND = YES;
				GCC_C_LANGUAGE_STANDARD = gnu99;
				GCC_DYNAMIC_NO_PIC = NO;
				GCC_NO_COMMON_BLOCKS = YES;
				GCC_OPTIMIZATION_LEVEL = 0;
				GCC_PREPROCESSOR_DEFINITIONS = (
					"DEBUG=1",
					"$(inherited)",
				);
				GCC_SYMBOLS_PRIVATE_EXTERN = NO;
				GCC_WARN_64_TO_32_BIT_CONVERSION = YES;
				GCC_WARN_ABOUT_RETURN_TYPE = YES_ERROR;
				GCC_WARN_UNDECLARED_SELECTOR = YES;
				GCC_WARN_UNINITIALIZED_AUTOS = YES_AGGRESSIVE;
				GCC_WARN_UNUSED_FUNCTION = YES;
				GCC_WARN_UNUSED_VARIABLE = YES;
				IPHONEOS_DEPLOYMENT_TARGET = 8.3;
				MTL_ENABLE_DEBUG_INFO = YES;
				ONLY_ACTIVE_ARCH = YES;
				SDKROOT = iphoneos;
			};
			name = Debug;
		};
		04D44ADD1AFF17FD004C4CB7 /* Release */ = {
			isa = XCBuildConfiguration;
			buildSettings = {
				ALWAYS_SEARCH_USER_PATHS = NO;
				CLANG_CXX_LANGUAGE_STANDARD = "gnu++0x";
				CLANG_CXX_LIBRARY = "libc++";
				CLANG_ENABLE_MODULES = YES;
				CLANG_ENABLE_OBJC_ARC = YES;
				CLANG_WARN_BOOL_CONVERSION = YES;
				CLANG_WARN_CONSTANT_CONVERSION = YES;
				CLANG_WARN_DIRECT_OBJC_ISA_USAGE = YES_ERROR;
				CLANG_WARN_EMPTY_BODY = YES;
				CLANG_WARN_ENUM_CONVERSION = YES;
				CLANG_WARN_INT_CONVERSION = YES;
				CLANG_WARN_OBJC_ROOT_CLASS = YES_ERROR;
				CLANG_WARN_UNREACHABLE_CODE = YES;
				CLANG_WARN__DUPLICATE_METHOD_MATCH = YES;
				"CODE_SIGN_IDENTITY[sdk=iphoneos*]" = "iPhone Developer";
				COPY_PHASE_STRIP = NO;
				DEBUG_INFORMATION_FORMAT = "dwarf-with-dsym";
				ENABLE_NS_ASSERTIONS = NO;
				ENABLE_STRICT_OBJC_MSGSEND = YES;
				GCC_C_LANGUAGE_STANDARD = gnu99;
				GCC_NO_COMMON_BLOCKS = YES;
				GCC_WARN_64_TO_32_BIT_CONVERSION = YES;
				GCC_WARN_ABOUT_RETURN_TYPE = YES_ERROR;
				GCC_WARN_UNDECLARED_SELECTOR = YES;
				GCC_WARN_UNINITIALIZED_AUTOS = YES_AGGRESSIVE;
				GCC_WARN_UNUSED_FUNCTION = YES;
				GCC_WARN_UNUSED_VARIABLE = YES;
				IPHONEOS_DEPLOYMENT_TARGET = 8.3;
				MTL_ENABLE_DEBUG_INFO = NO;
				SDKROOT = iphoneos;
				VALIDATE_PRODUCT = YES;
			};
			name = Release;
		};
		04D44ADF1AFF17FD004C4CB7 /* Debug */ = {
			isa = XCBuildConfiguration;
			buildSettings = {
				ASSETCATALOG_COMPILER_APPICON_NAME = AppIcon;
				INFOPLIST_FILE = presentAndDismissController/Info.plist;
				LD_RUNPATH_SEARCH_PATHS = "$(inherited) @executable_path/Frameworks";
				PRODUCT_NAME = "$(TARGET_NAME)";
			};
			name = Debug;
		};
		04D44AE01AFF17FD004C4CB7 /* Release */ = {
			isa = XCBuildConfiguration;
			buildSettings = {
				ASSETCATALOG_COMPILER_APPICON_NAME = AppIcon;
				INFOPLIST_FILE = presentAndDismissController/Info.plist;
				LD_RUNPATH_SEARCH_PATHS = "$(inherited) @executable_path/Frameworks";
				PRODUCT_NAME = "$(TARGET_NAME)";
			};
			name = Release;
		};
		04D44AE21AFF17FD004C4CB7 /* Debug */ = {
			isa = XCBuildConfiguration;
			buildSettings = {
				BUNDLE_LOADER = "$(TEST_HOST)";
				FRAMEWORK_SEARCH_PATHS = (
					"$(SDKROOT)/Developer/Library/Frameworks",
					"$(inherited)",
				);
				GCC_PREPROCESSOR_DEFINITIONS = (
					"DEBUG=1",
					"$(inherited)",
				);
				INFOPLIST_FILE = presentAndDismissControllerTests/Info.plist;
				LD_RUNPATH_SEARCH_PATHS = "$(inherited) @executable_path/Frameworks @loader_path/Frameworks";
				PRODUCT_NAME = "$(TARGET_NAME)";
				TEST_HOST = "$(BUILT_PRODUCTS_DIR)/presentAndDismissController.app/presentAndDismissController";
			};
			name = Debug;
		};
		04D44AE31AFF17FD004C4CB7 /* Release */ = {
			isa = XCBuildConfiguration;
			buildSettings = {
				BUNDLE_LOADER = "$(TEST_HOST)";
				FRAMEWORK_SEARCH_PATHS = (
					"$(SDKROOT)/Developer/Library/Frameworks",
					"$(inherited)",
				);
				INFOPLIST_FILE = presentAndDismissControllerTests/Info.plist;
				LD_RUNPATH_SEARCH_PATHS = "$(inherited) @executable_path/Frameworks @loader_path/Frameworks";
				PRODUCT_NAME = "$(TARGET_NAME)";
				TEST_HOST = "$(BUILT_PRODUCTS_DIR)/presentAndDismissController.app/presentAndDismissController";
			};
			name = Release;
		};
/* End XCBuildConfiguration section */

/* Begin XCConfigurationList section */
		04D44AB61AFF17FD004C4CB7 /* Build configuration list for PBXProject "presentAndDismissController" */ = {
			isa = XCConfigurationList;
			buildConfigurations = (
				04D44ADC1AFF17FD004C4CB7 /* Debug */,
				04D44ADD1AFF17FD004C4CB7 /* Release */,
			);
			defaultConfigurationIsVisible = 0;
			defaultConfigurationName = Release;
		};
		04D44ADE1AFF17FD004C4CB7 /* Build configuration list for PBXNativeTarget "presentAndDismissController" */ = {
			isa = XCConfigurationList;
			buildConfigurations = (
				04D44ADF1AFF17FD004C4CB7 /* Debug */,
				04D44AE01AFF17FD004C4CB7 /* Release */,
			);
			defaultConfigurationIsVisible = 0;
		};
		04D44AE11AFF17FD004C4CB7 /* Build configuration list for PBXNativeTarget "presentAndDismissControllerTests" */ = {
			isa = XCConfigurationList;
			buildConfigurations = (
				04D44AE21AFF17FD004C4CB7 /* Debug */,
				04D44AE31AFF17FD004C4CB7 /* Release */,
			);
			defaultConfigurationIsVisible = 0;
		};
/* End XCConfigurationList section */
	};
	rootObject = 04D44AB31AFF17FD004C4CB7 /* Project object */;
}
