// !$*UTF8*$!
{
	archiveVersion = 1;
	classes = {
	};
	objectVersion = 46;
	objects = {

/* Begin PBXBuildFile section */
		04E6B48D1AEF473000E2BC96 /* main.m in Sources */ = {isa = PBXBuildFile; fileRef = 04E6B48C1AEF473000E2BC96 /* main.m */; };
		04E6B4901AEF473000E2BC96 /* AppDelegate.m in Sources */ = {isa = PBXBuildFile; fileRef = 04E6B48F1AEF473000E2BC96 /* AppDelegate.m */; };
		04E6B4931AEF473000E2BC96 /* MasterViewController.m in Sources */ = {isa = PBXBuildFile; fileRef = 04E6B4921AEF473000E2BC96 /* MasterViewController.m */; };
		04E6B4961AEF473000E2BC96 /* DetailViewController.m in Sources */ = {isa = PBXBuildFile; fileRef = 04E6B4951AEF473000E2BC96 /* DetailViewController.m */; };
		04E6B4991AEF473000E2BC96 /* Main.storyboard in Resources */ = {isa = PBXBuildFile; fileRef = 04E6B4971AEF473000E2BC96 /* Main.storyboard */; };
		04E6B49B1AEF473100E2BC96 /* Images.xcassets in Resources */ = {isa = PBXBuildFile; fileRef = 04E6B49A1AEF473100E2BC96 /* Images.xcassets */; };
		04E6B49E1AEF473100E2BC96 /* LaunchScreen.xib in Resources */ = {isa = PBXBuildFile; fileRef = 04E6B49C1AEF473100E2BC96 /* LaunchScreen.xib */; };
		04E6B4AA1AEF473100E2BC96 /* MasterDetailTests.m in Sources */ = {isa = PBXBuildFile; fileRef = 04E6B4A91AEF473100E2BC96 /* MasterDetailTests.m */; };
/* End PBXBuildFile section */

/* Begin PBXContainerItemProxy section */
		04E6B4A41AEF473100E2BC96 /* PBXContainerItemProxy */ = {
			isa = PBXContainerItemProxy;
			containerPortal = 04E6B47F1AEF473000E2BC96 /* Project object */;
			proxyType = 1;
			remoteGlobalIDString = 04E6B4861AEF473000E2BC96;
			remoteInfo = MasterDetail;
		};
/* End PBXContainerItemProxy section */

/* Begin PBXFileReference section */
		04E6B4871AEF473000E2BC96 /* MasterDetail.app */ = {isa = PBXFileReference; explicitFileType = wrapper.application; includeInIndex = 0; path = MasterDetail.app; sourceTree = BUILT_PRODUCTS_DIR; };
		04E6B48B1AEF473000E2BC96 /* Info.plist */ = {isa = PBXFileReference; lastKnownFileType = text.plist.xml; path = Info.plist; sourceTree = "<group>"; };
		04E6B48C1AEF473000E2BC96 /* main.m */ = {isa = PBXFileReference; lastKnownFileType = sourcecode.c.objc; path = main.m; sourceTree = "<group>"; };
		04E6B48E1AEF473000E2BC96 /* AppDelegate.h */ = {isa = PBXFileReference; lastKnownFileType = sourcecode.c.h; path = AppDelegate.h; sourceTree = "<group>"; };
		04E6B48F1AEF473000E2BC96 /* AppDelegate.m */ = {isa = PBXFileReference; lastKnownFileType = sourcecode.c.objc; path = AppDelegate.m; sourceTree = "<group>"; };
		04E6B4911AEF473000E2BC96 /* MasterViewController.h */ = {isa = PBXFileReference; lastKnownFileType = sourcecode.c.h; path = MasterViewController.h; sourceTree = "<group>"; };
		04E6B4921AEF473000E2BC96 /* MasterViewController.m */ = {isa = PBXFileReference; lastKnownFileType = sourcecode.c.objc; path = MasterViewController.m; sourceTree = "<group>"; };
		04E6B4941AEF473000E2BC96 /* DetailViewController.h */ = {isa = PBXFileReference; lastKnownFileType = sourcecode.c.h; path = DetailViewController.h; sourceTree = "<group>"; };
		04E6B4951AEF473000E2BC96 /* DetailViewController.m */ = {isa = PBXFileReference; lastKnownFileType = sourcecode.c.objc; path = DetailViewController.m; sourceTree = "<group>"; };
		04E6B4981AEF473000E2BC96 /* Base */ = {isa = PBXFileReference; lastKnownFileType = file.storyboard; name = Base; path = Base.lproj/Main.storyboard; sourceTree = "<group>"; };
		04E6B49A1AEF473100E2BC96 /* Images.xcassets */ = {isa = PBXFileReference; lastKnownFileType = folder.assetcatalog; path = Images.xcassets; sourceTree = "<group>"; };
		04E6B49D1AEF473100E2BC96 /* Base */ = {isa = PBXFileReference; lastKnownFileType = file.xib; name = Base; path = Base.lproj/LaunchScreen.xib; sourceTree = "<group>"; };
		04E6B4A31AEF473100E2BC96 /* MasterDetailTests.xctest */ = {isa = PBXFileReference; explicitFileType = wrapper.cfbundle; includeInIndex = 0; path = MasterDetailTests.xctest; sourceTree = BUILT_PRODUCTS_DIR; };
		04E6B4A81AEF473100E2BC96 /* Info.plist */ = {isa = PBXFileReference; lastKnownFileType = text.plist.xml; path = Info.plist; sourceTree = "<group>"; };
		04E6B4A91AEF473100E2BC96 /* MasterDetailTests.m */ = {isa = PBXFileReference; lastKnownFileType = sourcecode.c.objc; path = MasterDetailTests.m; sourceTree = "<group>"; };
/* End PBXFileReference section */

/* Begin PBXFrameworksBuildPhase section */
		04E6B4841AEF473000E2BC96 /* Frameworks */ = {
			isa = PBXFrameworksBuildPhase;
			buildActionMask = 2147483647;
			files = (
			);
			runOnlyForDeploymentPostprocessing = 0;
		};
		04E6B4A01AEF473100E2BC96 /* Frameworks */ = {
			isa = PBXFrameworksBuildPhase;
			buildActionMask = 2147483647;
			files = (
			);
			runOnlyForDeploymentPostprocessing = 0;
		};
/* End PBXFrameworksBuildPhase section */

/* Begin PBXGroup section */
		04E6B47E1AEF473000E2BC96 = {
			isa = PBXGroup;
			children = (
				04E6B4891AEF473000E2BC96 /* MasterDetail */,
				04E6B4A61AEF473100E2BC96 /* MasterDetailTests */,
				04E6B4881AEF473000E2BC96 /* Products */,
			);
			sourceTree = "<group>";
		};
		04E6B4881AEF473000E2BC96 /* Products */ = {
			isa = PBXGroup;
			children = (
				04E6B4871AEF473000E2BC96 /* MasterDetail.app */,
				04E6B4A31AEF473100E2BC96 /* MasterDetailTests.xctest */,
			);
			name = Products;
			sourceTree = "<group>";
		};
		04E6B4891AEF473000E2BC96 /* MasterDetail */ = {
			isa = PBXGroup;
			children = (
				04E6B48E1AEF473000E2BC96 /* AppDelegate.h */,
				04E6B48F1AEF473000E2BC96 /* AppDelegate.m */,
				04E6B4911AEF473000E2BC96 /* MasterViewController.h */,
				04E6B4921AEF473000E2BC96 /* MasterViewController.m */,
				04E6B4941AEF473000E2BC96 /* DetailViewController.h */,
				04E6B4951AEF473000E2BC96 /* DetailViewController.m */,
				04E6B4971AEF473000E2BC96 /* Main.storyboard */,
				04E6B49A1AEF473100E2BC96 /* Images.xcassets */,
				04E6B49C1AEF473100E2BC96 /* LaunchScreen.xib */,
				04E6B48A1AEF473000E2BC96 /* Supporting Files */,
			);
			path = MasterDetail;
			sourceTree = "<group>";
		};
		04E6B48A1AEF473000E2BC96 /* Supporting Files */ = {
			isa = PBXGroup;
			children = (
				04E6B48B1AEF473000E2BC96 /* Info.plist */,
				04E6B48C1AEF473000E2BC96 /* main.m */,
			);
			name = "Supporting Files";
			sourceTree = "<group>";
		};
		04E6B4A61AEF473100E2BC96 /* MasterDetailTests */ = {
			isa = PBXGroup;
			children = (
				04E6B4A91AEF473100E2BC96 /* MasterDetailTests.m */,
				04E6B4A71AEF473100E2BC96 /* Supporting Files */,
			);
			path = MasterDetailTests;
			sourceTree = "<group>";
		};
		04E6B4A71AEF473100E2BC96 /* Supporting Files */ = {
			isa = PBXGroup;
			children = (
				04E6B4A81AEF473100E2BC96 /* Info.plist */,
			);
			name = "Supporting Files";
			sourceTree = "<group>";
		};
/* End PBXGroup section */

/* Begin PBXNativeTarget section */
		04E6B4861AEF473000E2BC96 /* MasterDetail */ = {
			isa = PBXNativeTarget;
			buildConfigurationList = 04E6B4AD1AEF473100E2BC96 /* Build configuration list for PBXNativeTarget "MasterDetail" */;
			buildPhases = (
				04E6B4831AEF473000E2BC96 /* Sources */,
				04E6B4841AEF473000E2BC96 /* Frameworks */,
				04E6B4851AEF473000E2BC96 /* Resources */,
			);
			buildRules = (
			);
			dependencies = (
			);
			name = MasterDetail;
			productName = MasterDetail;
			productReference = 04E6B4871AEF473000E2BC96 /* MasterDetail.app */;
			productType = "com.apple.product-type.application";
		};
		04E6B4A21AEF473100E2BC96 /* MasterDetailTests */ = {
			isa = PBXNativeTarget;
			buildConfigurationList = 04E6B4B01AEF473100E2BC96 /* Build configuration list for PBXNativeTarget "MasterDetailTests" */;
			buildPhases = (
				04E6B49F1AEF473100E2BC96 /* Sources */,
				04E6B4A01AEF473100E2BC96 /* Frameworks */,
				04E6B4A11AEF473100E2BC96 /* Resources */,
			);
			buildRules = (
			);
			dependencies = (
				04E6B4A51AEF473100E2BC96 /* PBXTargetDependency */,
			);
			name = MasterDetailTests;
			productName = MasterDetailTests;
			productReference = 04E6B4A31AEF473100E2BC96 /* MasterDetailTests.xctest */;
			productType = "com.apple.product-type.bundle.unit-test";
		};
/* End PBXNativeTarget section */

/* Begin PBXProject section */
		04E6B47F1AEF473000E2BC96 /* Project object */ = {
			isa = PBXProject;
			attributes = {
				LastUpgradeCheck = 0630;
				ORGANIZATIONNAME = leuducquy;
				TargetAttributes = {
					04E6B4861AEF473000E2BC96 = {
						CreatedOnToolsVersion = 6.3.1;
					};
					04E6B4A21AEF473100E2BC96 = {
						CreatedOnToolsVersion = 6.3.1;
						TestTargetID = 04E6B4861AEF473000E2BC96;
					};
				};
			};
			buildConfigurationList = 04E6B4821AEF473000E2BC96 /* Build configuration list for PBXProject "MasterDetail" */;
			compatibilityVersion = "Xcode 3.2";
			developmentRegion = English;
			hasScannedForEncodings = 0;
			knownRegions = (
				en,
				Base,
			);
			mainGroup = 04E6B47E1AEF473000E2BC96;
			productRefGroup = 04E6B4881AEF473000E2BC96 /* Products */;
			projectDirPath = "";
			projectRoot = "";
			targets = (
				04E6B4861AEF473000E2BC96 /* MasterDetail */,
				04E6B4A21AEF473100E2BC96 /* MasterDetailTests */,
			);
		};
/* End PBXProject section */

/* Begin PBXResourcesBuildPhase section */
		04E6B4851AEF473000E2BC96 /* Resources */ = {
			isa = PBXResourcesBuildPhase;
			buildActionMask = 2147483647;
			files = (
				04E6B4991AEF473000E2BC96 /* Main.storyboard in Resources */,
				04E6B49E1AEF473100E2BC96 /* LaunchScreen.xib in Resources */,
				04E6B49B1AEF473100E2BC96 /* Images.xcassets in Resources */,
			);
			runOnlyForDeploymentPostprocessing = 0;
		};
		04E6B4A11AEF473100E2BC96 /* Resources */ = {
			isa = PBXResourcesBuildPhase;
			buildActionMask = 2147483647;
			files = (
			);
			runOnlyForDeploymentPostprocessing = 0;
		};
/* End PBXResourcesBuildPhase section */

/* Begin PBXSourcesBuildPhase section */
		04E6B4831AEF473000E2BC96 /* Sources */ = {
			isa = PBXSourcesBuildPhase;
			buildActionMask = 2147483647;
			files = (
				04E6B4901AEF473000E2BC96 /* AppDelegate.m in Sources */,
				04E6B4931AEF473000E2BC96 /* MasterViewController.m in Sources */,
				04E6B48D1AEF473000E2BC96 /* main.m in Sources */,
				04E6B4961AEF473000E2BC96 /* DetailViewController.m in Sources */,
			);
			runOnlyForDeploymentPostprocessing = 0;
		};
		04E6B49F1AEF473100E2BC96 /* Sources */ = {
			isa = PBXSourcesBuildPhase;
			buildActionMask = 2147483647;
			files = (
				04E6B4AA1AEF473100E2BC96 /* MasterDetailTests.m in Sources */,
			);
			runOnlyForDeploymentPostprocessing = 0;
		};
/* End PBXSourcesBuildPhase section */

/* Begin PBXTargetDependency section */
		04E6B4A51AEF473100E2BC96 /* PBXTargetDependency */ = {
			isa = PBXTargetDependency;
			target = 04E6B4861AEF473000E2BC96 /* MasterDetail */;
			targetProxy = 04E6B4A41AEF473100E2BC96 /* PBXContainerItemProxy */;
		};
/* End PBXTargetDependency section */

/* Begin PBXVariantGroup section */
		04E6B4971AEF473000E2BC96 /* Main.storyboard */ = {
			isa = PBXVariantGroup;
			children = (
				04E6B4981AEF473000E2BC96 /* Base */,
			);
			name = Main.storyboard;
			sourceTree = "<group>";
		};
		04E6B49C1AEF473100E2BC96 /* LaunchScreen.xib */ = {
			isa = PBXVariantGroup;
			children = (
				04E6B49D1AEF473100E2BC96 /* Base */,
			);
			name = LaunchScreen.xib;
			sourceTree = "<group>";
		};
/* End PBXVariantGroup section */

/* Begin XCBuildConfiguration section */
		04E6B4AB1AEF473100E2BC96 /* Debug */ = {
			isa = XCBuildConfiguration;
			buildSettings = {
				ALWAYS_SEARCH_USER_PATHS = NO;
				CLANG_CXX_LANGUAGE_STANDARD = "gnu++0x";
				CLANG_CXX_LIBRARY = "libc++";
				CLANG_ENABLE_MODULES = YES;
				CLANG_ENABLE_OBJC_ARC = YES;
				CLANG_WARN_BOOL_CONVERSION = YES;
				CLANG_WARN_CONSTANT_CONVERSION = YES;
				CLANG_WARN_DIRECT_OBJC_ISA_USAGE = YES_ERROR;
				CLANG_WARN_EMPTY_BODY = YES;
				CLANG_WARN_ENUM_CONVERSION = YES;
				CLANG_WARN_INT_CONVERSION = YES;
				CLANG_WARN_OBJC_ROOT_CLASS = YES_ERROR;
				CLANG_WARN_UNREACHABLE_CODE = YES;
				CLANG_WARN__DUPLICATE_METHOD_MATCH = YES;
				"CODE_SIGN_IDENTITY[sdk=iphoneos*]" = "iPhone Developer";
				COPY_PHASE_STRIP = NO;
				DEBUG_INFORMATION_FORMAT = "dwarf-with-dsym";
				ENABLE_STRICT_OBJC_MSGSEND = YES;
				GCC_C_LANGUAGE_STANDARD = gnu99;
				GCC_DYNAMIC_NO_PIC = NO;
				GCC_NO_COMMON_BLOCKS = YES;
				GCC_OPTIMIZATION_LEVEL = 0;
				GCC_PREPROCESSOR_DEFINITIONS = (
					"DEBUG=1",
					"$(inherited)",
				);
				GCC_SYMBOLS_PRIVATE_EXTERN = NO;
				GCC_WARN_64_TO_32_BIT_CONVERSION = YES;
				GCC_WARN_ABOUT_RETURN_TYPE = YES_ERROR;
				GCC_WARN_UNDECLARED_SELECTOR = YES;
				GCC_WARN_UNINITIALIZED_AUTOS = YES_AGGRESSIVE;
				GCC_WARN_UNUSED_FUNCTION = YES;
				GCC_WARN_UNUSED_VARIABLE = YES;
				IPHONEOS_DEPLOYMENT_TARGET = 8.3;
				MTL_ENABLE_DEBUG_INFO = YES;
				ONLY_ACTIVE_ARCH = YES;
				SDKROOT = iphoneos;
			};
			name = Debug;
		};
		04E6B4AC1AEF473100E2BC96 /* Release */ = {
			isa = XCBuildConfiguration;
			buildSettings = {
				ALWAYS_SEARCH_USER_PATHS = NO;
				CLANG_CXX_LANGUAGE_STANDARD = "gnu++0x";
				CLANG_CXX_LIBRARY = "libc++";
				CLANG_ENABLE_MODULES = YES;
				CLANG_ENABLE_OBJC_ARC = YES;
				CLANG_WARN_BOOL_CONVERSION = YES;
				CLANG_WARN_CONSTANT_CONVERSION = YES;
				CLANG_WARN_DIRECT_OBJC_ISA_USAGE = YES_ERROR;
				CLANG_WARN_EMPTY_BODY = YES;
				CLANG_WARN_ENUM_CONVERSION = YES;
				CLANG_WARN_INT_CONVERSION = YES;
				CLANG_WARN_OBJC_ROOT_CLASS = YES_ERROR;
				CLANG_WARN_UNREACHABLE_CODE = YES;
				CLANG_WARN__DUPLICATE_METHOD_MATCH = YES;
				"CODE_SIGN_IDENTITY[sdk=iphoneos*]" = "iPhone Developer";
				COPY_PHASE_STRIP = NO;
				DEBUG_INFORMATION_FORMAT = "dwarf-with-dsym";
				ENABLE_NS_ASSERTIONS = NO;
				ENABLE_STRICT_OBJC_MSGSEND = YES;
				GCC_C_LANGUAGE_STANDARD = gnu99;
				GCC_NO_COMMON_BLOCKS = YES;
				GCC_WARN_64_TO_32_BIT_CONVERSION = YES;
				GCC_WARN_ABOUT_RETURN_TYPE = YES_ERROR;
				GCC_WARN_UNDECLARED_SELECTOR = YES;
				GCC_WARN_UNINITIALIZED_AUTOS = YES_AGGRESSIVE;
				GCC_WARN_UNUSED_FUNCTION = YES;
				GCC_WARN_UNUSED_VARIABLE = YES;
				IPHONEOS_DEPLOYMENT_TARGET = 8.3;
				MTL_ENABLE_DEBUG_INFO = NO;
				SDKROOT = iphoneos;
				VALIDATE_PRODUCT = YES;
			};
			name = Release;
		};
		04E6B4AE1AEF473100E2BC96 /* Debug */ = {
			isa = XCBuildConfiguration;
			buildSettings = {
				ASSETCATALOG_COMPILER_APPICON_NAME = AppIcon;
				INFOPLIST_FILE = MasterDetail/Info.plist;
				LD_RUNPATH_SEARCH_PATHS = "$(inherited) @executable_path/Frameworks";
				PRODUCT_NAME = "$(TARGET_NAME)";
			};
			name = Debug;
		};
		04E6B4AF1AEF473100E2BC96 /* Release */ = {
			isa = XCBuildConfiguration;
			buildSettings = {
				ASSETCATALOG_COMPILER_APPICON_NAME = AppIcon;
				INFOPLIST_FILE = MasterDetail/Info.plist;
				LD_RUNPATH_SEARCH_PATHS = "$(inherited) @executable_path/Frameworks";
				PRODUCT_NAME = "$(TARGET_NAME)";
			};
			name = Release;
		};
		04E6B4B11AEF473100E2BC96 /* Debug */ = {
			isa = XCBuildConfiguration;
			buildSettings = {
				BUNDLE_LOADER = "$(TEST_HOST)";
				FRAMEWORK_SEARCH_PATHS = (
					"$(SDKROOT)/Developer/Library/Frameworks",
					"$(inherited)",
				);
				GCC_PREPROCESSOR_DEFINITIONS = (
					"DEBUG=1",
					"$(inherited)",
				);
				INFOPLIST_FILE = MasterDetailTests/Info.plist;
				LD_RUNPATH_SEARCH_PATHS = "$(inherited) @executable_path/Frameworks @loader_path/Frameworks";
				PRODUCT_NAME = "$(TARGET_NAME)";
				TEST_HOST = "$(BUILT_PRODUCTS_DIR)/MasterDetail.app/MasterDetail";
			};
			name = Debug;
		};
		04E6B4B21AEF473100E2BC96 /* Release */ = {
			isa = XCBuildConfiguration;
			buildSettings = {
				BUNDLE_LOADER = "$(TEST_HOST)";
				FRAMEWORK_SEARCH_PATHS = (
					"$(SDKROOT)/Developer/Library/Frameworks",
					"$(inherited)",
				);
				INFOPLIST_FILE = MasterDetailTests/Info.plist;
				LD_RUNPATH_SEARCH_PATHS = "$(inherited) @executable_path/Frameworks @loader_path/Frameworks";
				PRODUCT_NAME = "$(TARGET_NAME)";
				TEST_HOST = "$(BUILT_PRODUCTS_DIR)/MasterDetail.app/MasterDetail";
			};
			name = Release;
		};
/* End XCBuildConfiguration section */

/* Begin XCConfigurationList section */
		04E6B4821AEF473000E2BC96 /* Build configuration list for PBXProject "MasterDetail" */ = {
			isa = XCConfigurationList;
			buildConfigurations = (
				04E6B4AB1AEF473100E2BC96 /* Debug */,
				04E6B4AC1AEF473100E2BC96 /* Release */,
			);
			defaultConfigurationIsVisible = 0;
			defaultConfigurationName = Release;
		};
		04E6B4AD1AEF473100E2BC96 /* Build configuration list for PBXNativeTarget "MasterDetail" */ = {
			isa = XCConfigurationList;
			buildConfigurations = (
				04E6B4AE1AEF473100E2BC96 /* Debug */,
				04E6B4AF1AEF473100E2BC96 /* Release */,
			);
			defaultConfigurationIsVisible = 0;
		};
		04E6B4B01AEF473100E2BC96 /* Build configuration list for PBXNativeTarget "MasterDetailTests" */ = {
			isa = XCConfigurationList;
			buildConfigurations = (
				04E6B4B11AEF473100E2BC96 /* Debug */,
				04E6B4B21AEF473100E2BC96 /* Release */,
			);
			defaultConfigurationIsVisible = 0;
		};
/* End XCConfigurationList section */
	};
	rootObject = 04E6B47F1AEF473000E2BC96 /* Project object */;
}
